// !$*UTF8*$!
{
	archiveVersion = 1;
	classes = {
	};
	objectVersion = 48;
	objects = {

/* Begin PBXBuildFile section */
		1AA39739203C1BA10020092D /* ConversationListController.swift in Sources */ = {isa = PBXBuildFile; fileRef = 1AA39738203C1BA10020092D /* ConversationListController.swift */; };
		1AA3973B203C50520020092D /* ConversationListCell.swift in Sources */ = {isa = PBXBuildFile; fileRef = 1AA3973A203C50520020092D /* ConversationListCell.swift */; };
		D70A3D50203CB3D9001C491A /* LoginController.swift in Sources */ = {isa = PBXBuildFile; fileRef = D70A3D4F203CB3D9001C491A /* LoginController.swift */; };
		D773DD4C203362DE001520CA /* AppDelegate.swift in Sources */ = {isa = PBXBuildFile; fileRef = D773DD4B203362DE001520CA /* AppDelegate.swift */; };
		D773DD4E203362DE001520CA /* ConversationController.swift in Sources */ = {isa = PBXBuildFile; fileRef = D773DD4D203362DE001520CA /* ConversationController.swift */; };
		D773DD53203362DE001520CA /* Assets.xcassets in Resources */ = {isa = PBXBuildFile; fileRef = D773DD52203362DE001520CA /* Assets.xcassets */; };
		D773DD56203362DE001520CA /* LaunchScreen.storyboard in Resources */ = {isa = PBXBuildFile; fileRef = D773DD54203362DE001520CA /* LaunchScreen.storyboard */; };
		D7B9CBF720541A0A00B755CD /* ConversationController+Layout.swift in Sources */ = {isa = PBXBuildFile; fileRef = D7B9CBF620541A0A00B755CD /* ConversationController+Layout.swift */; };
		D7B9CBF920541E6500B755CD /* ConversationListController+Layout.swift in Sources */ = {isa = PBXBuildFile; fileRef = D7B9CBF820541E6500B755CD /* ConversationListController+Layout.swift */; };
		D7B9CBFB20541E7300B755CD /* LoginController+Layout.swift in Sources */ = {isa = PBXBuildFile; fileRef = D7B9CBFA20541E7300B755CD /* LoginController+Layout.swift */; };
		D7C5A1572039D1F400389AEB /* MessageBarView.swift in Sources */ = {isa = PBXBuildFile; fileRef = D7C5A1562039D1F400389AEB /* MessageBarView.swift */; };
		D7EFFF33204FDE47004694EC /* Network.swift in Sources */ = {isa = PBXBuildFile; fileRef = D7EFFF32204FDE47004694EC /* Network.swift */; };
/* End PBXBuildFile section */

/* Begin PBXFileReference section */
		1AA39738203C1BA10020092D /* ConversationListController.swift */ = {isa = PBXFileReference; lastKnownFileType = sourcecode.swift; path = ConversationListController.swift; sourceTree = "<group>"; };
		1AA3973A203C50520020092D /* ConversationListCell.swift */ = {isa = PBXFileReference; lastKnownFileType = sourcecode.swift; path = ConversationListCell.swift; sourceTree = "<group>"; };
		D70A3D4F203CB3D9001C491A /* LoginController.swift */ = {isa = PBXFileReference; lastKnownFileType = sourcecode.swift; path = LoginController.swift; sourceTree = "<group>"; };
		D773DD48203362DE001520CA /* Coaching.app */ = {isa = PBXFileReference; explicitFileType = wrapper.application; includeInIndex = 0; path = Coaching.app; sourceTree = BUILT_PRODUCTS_DIR; };
		D773DD4B203362DE001520CA /* AppDelegate.swift */ = {isa = PBXFileReference; lastKnownFileType = sourcecode.swift; path = AppDelegate.swift; sourceTree = "<group>"; };
		D773DD4D203362DE001520CA /* ConversationController.swift */ = {isa = PBXFileReference; lastKnownFileType = sourcecode.swift; path = ConversationController.swift; sourceTree = "<group>"; };
		D773DD52203362DE001520CA /* Assets.xcassets */ = {isa = PBXFileReference; lastKnownFileType = folder.assetcatalog; path = Assets.xcassets; sourceTree = "<group>"; };
		D773DD55203362DE001520CA /* Base */ = {isa = PBXFileReference; lastKnownFileType = file.storyboard; name = Base; path = Base.lproj/LaunchScreen.storyboard; sourceTree = "<group>"; };
		D773DD57203362DE001520CA /* Info.plist */ = {isa = PBXFileReference; lastKnownFileType = text.plist.xml; path = Info.plist; sourceTree = "<group>"; };
		D7B9CBF620541A0A00B755CD /* ConversationController+Layout.swift */ = {isa = PBXFileReference; lastKnownFileType = sourcecode.swift; path = "ConversationController+Layout.swift"; sourceTree = "<group>"; };
		D7B9CBF820541E6500B755CD /* ConversationListController+Layout.swift */ = {isa = PBXFileReference; lastKnownFileType = sourcecode.swift; path = "ConversationListController+Layout.swift"; sourceTree = "<group>"; };
		D7B9CBFA20541E7300B755CD /* LoginController+Layout.swift */ = {isa = PBXFileReference; lastKnownFileType = sourcecode.swift; path = "LoginController+Layout.swift"; sourceTree = "<group>"; };
		D7C5A1562039D1F400389AEB /* MessageBarView.swift */ = {isa = PBXFileReference; lastKnownFileType = sourcecode.swift; path = MessageBarView.swift; sourceTree = "<group>"; };
		D7EFFF32204FDE47004694EC /* Network.swift */ = {isa = PBXFileReference; lastKnownFileType = sourcecode.swift; path = Network.swift; sourceTree = "<group>"; };
/* End PBXFileReference section */

/* Begin PBXFrameworksBuildPhase section */
		D773DD45203362DE001520CA /* Frameworks */ = {
			isa = PBXFrameworksBuildPhase;
			buildActionMask = 2147483647;
			files = (
			);
			runOnlyForDeploymentPostprocessing = 0;
		};
/* End PBXFrameworksBuildPhase section */

/* Begin PBXGroup section */
		1A8A18E5203AFD09006D2183 /* Controllers */ = {
			isa = PBXGroup;
			children = (
				D70A3D4F203CB3D9001C491A /* LoginController.swift */,
				1AA39738203C1BA10020092D /* ConversationListController.swift */,
				D773DD4D203362DE001520CA /* ConversationController.swift */,
			);
			path = Controllers;
			sourceTree = "<group>";
		};
		1A8A18E6203AFD11006D2183 /* Views */ = {
			isa = PBXGroup;
			children = (
				D7C5A1562039D1F400389AEB /* MessageBarView.swift */,
				1AA3973A203C50520020092D /* ConversationListCell.swift */,
			);
			path = Views;
			sourceTree = "<group>";
		};
		D773DD3F203362DD001520CA = {
			isa = PBXGroup;
			children = (
				D773DD4A203362DE001520CA /* Coaching */,
				D773DD49203362DE001520CA /* Products */,
			);
			sourceTree = "<group>";
		};
		D773DD49203362DE001520CA /* Products */ = {
			isa = PBXGroup;
			children = (
				D773DD48203362DE001520CA /* Coaching.app */,
			);
			name = Products;
			sourceTree = "<group>";
		};
		D773DD4A203362DE001520CA /* Coaching */ = {
			isa = PBXGroup;
			children = (
				D773DD4B203362DE001520CA /* AppDelegate.swift */,
				1A8A18E6203AFD11006D2183 /* Views */,
				1A8A18E5203AFD09006D2183 /* Controllers */,
				D7B9CBF5205419F300B755CD /* Layout */,
				D7EFFF31204FDE08004694EC /* Helpers */,
				D773DD52203362DE001520CA /* Assets.xcassets */,
				D773DD54203362DE001520CA /* LaunchScreen.storyboard */,
				D773DD57203362DE001520CA /* Info.plist */,
			);
			path = Coaching;
			sourceTree = "<group>";
		};
		D7B9CBF5205419F300B755CD /* Layout */ = {
			isa = PBXGroup;
			children = (
				D7B9CBFA20541E7300B755CD /* LoginController+Layout.swift */,
				D7B9CBF820541E6500B755CD /* ConversationListController+Layout.swift */,
				D7B9CBF620541A0A00B755CD /* ConversationController+Layout.swift */,
			);
			path = Layout;
			sourceTree = "<group>";
		};
		D7EFFF31204FDE08004694EC /* Helpers */ = {
			isa = PBXGroup;
			children = (
				D7EFFF32204FDE47004694EC /* Network.swift */,
			);
			path = Helpers;
			sourceTree = "<group>";
		};
/* End PBXGroup section */

/* Begin PBXNativeTarget section */
		D773DD47203362DE001520CA /* Coaching */ = {
			isa = PBXNativeTarget;
			buildConfigurationList = D773DD5A203362DE001520CA /* Build configuration list for PBXNativeTarget "Coaching" */;
			buildPhases = (
				D773DD44203362DE001520CA /* Sources */,
				D773DD45203362DE001520CA /* Frameworks */,
				D773DD46203362DE001520CA /* Resources */,
				D7B9CBF4205407E100B755CD /* ShellScript */,
			);
			buildRules = (
			);
			dependencies = (
			);
			name = Coaching;
			productName = Coaching;
			productReference = D773DD48203362DE001520CA /* Coaching.app */;
			productType = "com.apple.product-type.application";
		};
/* End PBXNativeTarget section */

/* Begin PBXProject section */
		D773DD40203362DD001520CA /* Project object */ = {
			isa = PBXProject;
			attributes = {
				LastSwiftUpdateCheck = 0920;
				LastUpgradeCheck = 0930;
				ORGANIZATIONNAME = "Jason Pierna";
				TargetAttributes = {
					D773DD47203362DE001520CA = {
						CreatedOnToolsVersion = 9.2;
						ProvisioningStyle = Automatic;
					};
				};
			};
			buildConfigurationList = D773DD43203362DD001520CA /* Build configuration list for PBXProject "Coaching" */;
			compatibilityVersion = "Xcode 8.0";
			developmentRegion = en;
			hasScannedForEncodings = 0;
			knownRegions = (
				en,
				Base,
			);
			mainGroup = D773DD3F203362DD001520CA;
			productRefGroup = D773DD49203362DE001520CA /* Products */;
			projectDirPath = "";
			projectRoot = "";
			targets = (
				D773DD47203362DE001520CA /* Coaching */,
			);
		};
/* End PBXProject section */

/* Begin PBXResourcesBuildPhase section */
		D773DD46203362DE001520CA /* Resources */ = {
			isa = PBXResourcesBuildPhase;
			buildActionMask = 2147483647;
			files = (
				D773DD56203362DE001520CA /* LaunchScreen.storyboard in Resources */,
				D773DD53203362DE001520CA /* Assets.xcassets in Resources */,
			);
			runOnlyForDeploymentPostprocessing = 0;
		};
/* End PBXResourcesBuildPhase section */

/* Begin PBXShellScriptBuildPhase section */
		D7B9CBF4205407E100B755CD /* ShellScript */ = {
			isa = PBXShellScriptBuildPhase;
			buildActionMask = 2147483647;
			files = (
			);
			inputPaths = (
			);
			outputPaths = (
			);
			runOnlyForDeploymentPostprocessing = 0;
			shellPath = /bin/sh;
			shellScript = "if which swiftlint >/dev/null; then\n    swiftlint\nelse\n    echo \"warning: SwiftLint not installed! Run \\\"brew install swiftlint\\\" to fix this.\"\nfi";
		};
/* End PBXShellScriptBuildPhase section */

/* Begin PBXSourcesBuildPhase section */
		D773DD44203362DE001520CA /* Sources */ = {
			isa = PBXSourcesBuildPhase;
			buildActionMask = 2147483647;
			files = (
				D70A3D50203CB3D9001C491A /* LoginController.swift in Sources */,
				D7B9CBFB20541E7300B755CD /* LoginController+Layout.swift in Sources */,
				1AA39739203C1BA10020092D /* ConversationListController.swift in Sources */,
				D7B9CBF920541E6500B755CD /* ConversationListController+Layout.swift in Sources */,
				D7C5A1572039D1F400389AEB /* MessageBarView.swift in Sources */,
				1AA3973B203C50520020092D /* ConversationListCell.swift in Sources */,
				D773DD4E203362DE001520CA /* ConversationController.swift in Sources */,
				D7B9CBF720541A0A00B755CD /* ConversationController+Layout.swift in Sources */,
				D7EFFF33204FDE47004694EC /* Network.swift in Sources */,
				D773DD4C203362DE001520CA /* AppDelegate.swift in Sources */,
			);
			runOnlyForDeploymentPostprocessing = 0;
		};
/* End PBXSourcesBuildPhase section */

/* Begin PBXVariantGroup section */
		D773DD54203362DE001520CA /* LaunchScreen.storyboard */ = {
			isa = PBXVariantGroup;
			children = (
				D773DD55203362DE001520CA /* Base */,
			);
			name = LaunchScreen.storyboard;
			sourceTree = "<group>";
		};
/* End PBXVariantGroup section */

/* Begin XCBuildConfiguration section */
		D773DD58203362DE001520CA /* Debug */ = {
			isa = XCBuildConfiguration;
			buildSettings = {
				ALWAYS_SEARCH_USER_PATHS = NO;
				CLANG_ANALYZER_NONNULL = YES;
				CLANG_ANALYZER_NUMBER_OBJECT_CONVERSION = YES_AGGRESSIVE;
				CLANG_CXX_LANGUAGE_STANDARD = "gnu++14";
				CLANG_CXX_LIBRARY = "libc++";
				CLANG_ENABLE_MODULES = YES;
				CLANG_ENABLE_OBJC_ARC = YES;
				CLANG_WARN_BLOCK_CAPTURE_AUTORELEASING = YES;
				CLANG_WARN_BOOL_CONVERSION = YES;
				CLANG_WARN_COMMA = YES;
				CLANG_WARN_CONSTANT_CONVERSION = YES;
				CLANG_WARN_DEPRECATED_OBJC_IMPLEMENTATIONS = YES;
				CLANG_WARN_DIRECT_OBJC_ISA_USAGE = YES_ERROR;
				CLANG_WARN_DOCUMENTATION_COMMENTS = YES;
				CLANG_WARN_EMPTY_BODY = YES;
				CLANG_WARN_ENUM_CONVERSION = YES;
				CLANG_WARN_INFINITE_RECURSION = YES;
				CLANG_WARN_INT_CONVERSION = YES;
				CLANG_WARN_NON_LITERAL_NULL_CONVERSION = YES;
				CLANG_WARN_OBJC_IMPLICIT_RETAIN_SELF = YES;
				CLANG_WARN_OBJC_LITERAL_CONVERSION = YES;
				CLANG_WARN_OBJC_ROOT_CLASS = YES_ERROR;
				CLANG_WARN_RANGE_LOOP_ANALYSIS = YES;
				CLANG_WARN_STRICT_PROTOTYPES = YES;
				CLANG_WARN_SUSPICIOUS_MOVE = YES;
				CLANG_WARN_UNGUARDED_AVAILABILITY = YES_AGGRESSIVE;
				CLANG_WARN_UNREACHABLE_CODE = YES;
				CLANG_WARN__DUPLICATE_METHOD_MATCH = YES;
				CODE_SIGN_IDENTITY = "iPhone Developer";
				COPY_PHASE_STRIP = NO;
				DEBUG_INFORMATION_FORMAT = dwarf;
				ENABLE_STRICT_OBJC_MSGSEND = YES;
				ENABLE_TESTABILITY = YES;
				GCC_C_LANGUAGE_STANDARD = gnu11;
				GCC_DYNAMIC_NO_PIC = NO;
				GCC_NO_COMMON_BLOCKS = YES;
				GCC_OPTIMIZATION_LEVEL = 0;
				GCC_PREPROCESSOR_DEFINITIONS = (
					"DEBUG=1",
					"$(inherited)",
				);
				GCC_WARN_64_TO_32_BIT_CONVERSION = YES;
				GCC_WARN_ABOUT_RETURN_TYPE = YES_ERROR;
				GCC_WARN_UNDECLARED_SELECTOR = YES;
				GCC_WARN_UNINITIALIZED_AUTOS = YES_AGGRESSIVE;
				GCC_WARN_UNUSED_FUNCTION = YES;
				GCC_WARN_UNUSED_VARIABLE = YES;
				IPHONEOS_DEPLOYMENT_TARGET = 11.2;
				MTL_ENABLE_DEBUG_INFO = YES;
				ONLY_ACTIVE_ARCH = YES;
				SDKROOT = iphoneos;
				SWIFT_ACTIVE_COMPILATION_CONDITIONS = DEBUG;
				SWIFT_OPTIMIZATION_LEVEL = "-Onone";
			};
			name = Debug;
		};
		D773DD59203362DE001520CA /* Release */ = {
			isa = XCBuildConfiguration;
			buildSettings = {
				ALWAYS_SEARCH_USER_PATHS = NO;
				CLANG_ANALYZER_NONNULL = YES;
				CLANG_ANALYZER_NUMBER_OBJECT_CONVERSION = YES_AGGRESSIVE;
				CLANG_CXX_LANGUAGE_STANDARD = "gnu++14";
				CLANG_CXX_LIBRARY = "libc++";
				CLANG_ENABLE_MODULES = YES;
				CLANG_ENABLE_OBJC_ARC = YES;
				CLANG_WARN_BLOCK_CAPTURE_AUTORELEASING = YES;
				CLANG_WARN_BOOL_CONVERSION = YES;
				CLANG_WARN_COMMA = YES;
				CLANG_WARN_CONSTANT_CONVERSION = YES;
				CLANG_WARN_DEPRECATED_OBJC_IMPLEMENTATIONS = YES;
				CLANG_WARN_DIRECT_OBJC_ISA_USAGE = YES_ERROR;
				CLANG_WARN_DOCUMENTATION_COMMENTS = YES;
				CLANG_WARN_EMPTY_BODY = YES;
				CLANG_WARN_ENUM_CONVERSION = YES;
				CLANG_WARN_INFINITE_RECURSION = YES;
				CLANG_WARN_INT_CONVERSION = YES;
				CLANG_WARN_NON_LITERAL_NULL_CONVERSION = YES;
				CLANG_WARN_OBJC_IMPLICIT_RETAIN_SELF = YES;
				CLANG_WARN_OBJC_LITERAL_CONVERSION = YES;
				CLANG_WARN_OBJC_ROOT_CLASS = YES_ERROR;
				CLANG_WARN_RANGE_LOOP_ANALYSIS = YES;
				CLANG_WARN_STRICT_PROTOTYPES = YES;
				CLANG_WARN_SUSPICIOUS_MOVE = YES;
				CLANG_WARN_UNGUARDED_AVAILABILITY = YES_AGGRESSIVE;
				CLANG_WARN_UNREACHABLE_CODE = YES;
				CLANG_WARN__DUPLICATE_METHOD_MATCH = YES;
				CODE_SIGN_IDENTITY = "iPhone Developer";
				COPY_PHASE_STRIP = NO;
				DEBUG_INFORMATION_FORMAT = "dwarf-with-dsym";
				ENABLE_NS_ASSERTIONS = NO;
				ENABLE_STRICT_OBJC_MSGSEND = YES;
				GCC_C_LANGUAGE_STANDARD = gnu11;
				GCC_NO_COMMON_BLOCKS = YES;
				GCC_WARN_64_TO_32_BIT_CONVERSION = YES;
				GCC_WARN_ABOUT_RETURN_TYPE = YES_ERROR;
				GCC_WARN_UNDECLARED_SELECTOR = YES;
				GCC_WARN_UNINITIALIZED_AUTOS = YES_AGGRESSIVE;
				GCC_WARN_UNUSED_FUNCTION = YES;
				GCC_WARN_UNUSED_VARIABLE = YES;
				IPHONEOS_DEPLOYMENT_TARGET = 11.2;
				MTL_ENABLE_DEBUG_INFO = NO;
				SDKROOT = iphoneos;
				SWIFT_OPTIMIZATION_LEVEL = "-Owholemodule";
				VALIDATE_PRODUCT = YES;
			};
			name = Release;
		};
		D773DD5B203362DE001520CA /* Debug */ = {
			isa = XCBuildConfiguration;
			buildSettings = {
				ASSETCATALOG_COMPILER_APPICON_NAME = AppIcon;
				CODE_SIGN_STYLE = Automatic;
				DEVELOPMENT_TEAM = 5RUJTG3BGA;
				INFOPLIST_FILE = Coaching/Info.plist;
				IPHONEOS_DEPLOYMENT_TARGET = 9.0;
				LD_RUNPATH_SEARCH_PATHS = "$(inherited) @executable_path/Frameworks";
				PRODUCT_BUNDLE_IDENTIFIER = com.coaching.Coaching;
				PRODUCT_NAME = "$(TARGET_NAME)";
				SWIFT_VERSION = 4.0;
				TARGETED_DEVICE_FAMILY = "1,2";
			};
			name = Debug;
		};
		D773DD5C203362DE001520CA /* Release */ = {
			isa = XCBuildConfiguration;
			buildSettings = {
				ASSETCATALOG_COMPILER_APPICON_NAME = AppIcon;
				CODE_SIGN_STYLE = Automatic;
				DEVELOPMENT_TEAM = 5RUJTG3BGA;
				INFOPLIST_FILE = Coaching/Info.plist;
				IPHONEOS_DEPLOYMENT_TARGET = 9.0;
				LD_RUNPATH_SEARCH_PATHS = "$(inherited) @executable_path/Frameworks";
				PRODUCT_BUNDLE_IDENTIFIER = com.coaching.Coaching;
				PRODUCT_NAME = "$(TARGET_NAME)";
				SWIFT_VERSION = 4.0;
				TARGETED_DEVICE_FAMILY = "1,2";
			};
			name = Release;
		};
/* End XCBuildConfiguration section */

/* Begin XCConfigurationList section */
		D773DD43203362DD001520CA /* Build configuration list for PBXProject "Coaching" */ = {
			isa = XCConfigurationList;
			buildConfigurations = (
				D773DD58203362DE001520CA /* Debug */,
				D773DD59203362DE001520CA /* Release */,
			);
			defaultConfigurationIsVisible = 0;
			defaultConfigurationName = Release;
		};
		D773DD5A203362DE001520CA /* Build configuration list for PBXNativeTarget "Coaching" */ = {
			isa = XCConfigurationList;
			buildConfigurations = (
				D773DD5B203362DE001520CA /* Debug */,
				D773DD5C203362DE001520CA /* Release */,
			);
			defaultConfigurationIsVisible = 0;
			defaultConfigurationName = Release;
		};
/* End XCConfigurationList section */
	};
	rootObject = D773DD40203362DD001520CA /* Project object */;
}
