// !$*UTF8*$!
{
	archiveVersion = 1;
	classes = {
	};
	objectVersion = 48;
	objects = {

/* Begin PBXBuildFile section */
		1A13093E20CEC276009B608B /* Network+User.swift in Sources */ = {isa = PBXBuildFile; fileRef = 1A13093D20CEC276009B608B /* Network+User.swift */; };
		1A13094020CEC8CA009B608B /* Network+Messages.swift in Sources */ = {isa = PBXBuildFile; fileRef = 1A13093F20CEC8CA009B608B /* Network+Messages.swift */; };
		1A13094220CEC8EA009B608B /* Network+Events.swift in Sources */ = {isa = PBXBuildFile; fileRef = 1A13094120CEC8EA009B608B /* Network+Events.swift */; };
		1A13094420CEC902009B608B /* Network+Forum.swift in Sources */ = {isa = PBXBuildFile; fileRef = 1A13094320CEC902009B608B /* Network+Forum.swift */; };
		1A34F8DE20D7F211008ED2A2 /* EditAppraisalController.swift in Sources */ = {isa = PBXBuildFile; fileRef = 1A34F8DD20D7F211008ED2A2 /* EditAppraisalController.swift */; };
		1A34F8E020D7F63F008ED2A2 /* EditAppraisal+UI.swift in Sources */ = {isa = PBXBuildFile; fileRef = 1A34F8DF20D7F63F008ED2A2 /* EditAppraisal+UI.swift */; };
		1A34F8E220D80328008ED2A2 /* AddMeasurementsController.swift in Sources */ = {isa = PBXBuildFile; fileRef = 1A34F8E120D80328008ED2A2 /* AddMeasurementsController.swift */; };
		1A34F8E420D80332008ED2A2 /* NewTestController.swift in Sources */ = {isa = PBXBuildFile; fileRef = 1A34F8E320D80332008ED2A2 /* NewTestController.swift */; };
		1A34F8E620D8056A008ED2A2 /* AddMeasurements+UI.swift in Sources */ = {isa = PBXBuildFile; fileRef = 1A34F8E520D8056A008ED2A2 /* AddMeasurements+UI.swift */; };
		1A34F8E820D8057B008ED2A2 /* NewTest+UI.swift in Sources */ = {isa = PBXBuildFile; fileRef = 1A34F8E720D8057B008ED2A2 /* NewTest+UI.swift */; };
		1A34F8EB20DD2184008ED2A2 /* Appraisal.swift in Sources */ = {isa = PBXBuildFile; fileRef = 1A34F8EA20DD2184008ED2A2 /* Appraisal.swift */; };
		1A34F8ED20DD244B008ED2A2 /* Measurements.swift in Sources */ = {isa = PBXBuildFile; fileRef = 1A34F8EC20DD244B008ED2A2 /* Measurements.swift */; };
		1A34F8EF20DD25FF008ED2A2 /* Test.swift in Sources */ = {isa = PBXBuildFile; fileRef = 1A34F8EE20DD25FF008ED2A2 /* Test.swift */; };
		1A34F8F120DD4226008ED2A2 /* Network+FollowUp.swift in Sources */ = {isa = PBXBuildFile; fileRef = 1A34F8F020DD4226008ED2A2 /* Network+FollowUp.swift */; };
		1A5BF19120E0E41300A89A87 /* Downloader.swift in Sources */ = {isa = PBXBuildFile; fileRef = 1A5BF19020E0E41300A89A87 /* Downloader.swift */; };
		1A9A019A208DCC610005C60A /* Notification+Names.swift in Sources */ = {isa = PBXBuildFile; fileRef = 1A9A0199208DCC610005C60A /* Notification+Names.swift */; };
		1AA39739203C1BA10020092D /* ConversationListController.swift in Sources */ = {isa = PBXBuildFile; fileRef = 1AA39738203C1BA10020092D /* ConversationListController.swift */; };
		1AA3973B203C50520020092D /* ConversationListCell.swift in Sources */ = {isa = PBXBuildFile; fileRef = 1AA3973A203C50520020092D /* ConversationListCell.swift */; };
		1AB1D86D20CE632B002B1B06 /* ThreadCell.swift in Sources */ = {isa = PBXBuildFile; fileRef = 1AB1D86C20CE632B002B1B06 /* ThreadCell.swift */; };
		1AB1D86F20CE6333002B1B06 /* PostCell.swift in Sources */ = {isa = PBXBuildFile; fileRef = 1AB1D86E20CE6333002B1B06 /* PostCell.swift */; };
		1AB1D87120CE6C9C002B1B06 /* Thread+TableView.swift in Sources */ = {isa = PBXBuildFile; fileRef = 1AB1D87020CE6C9C002B1B06 /* Thread+TableView.swift */; };
		1AB1D87320CE6CB5002B1B06 /* Thread+UI.swift in Sources */ = {isa = PBXBuildFile; fileRef = 1AB1D87220CE6CB5002B1B06 /* Thread+UI.swift */; };
		1AB1D87720CE7A60002B1B06 /* AddPostController.swift in Sources */ = {isa = PBXBuildFile; fileRef = 1AB1D87620CE7A60002B1B06 /* AddPostController.swift */; };
		1AB1D87920CE7AC4002B1B06 /* AddPost+UI.swift in Sources */ = {isa = PBXBuildFile; fileRef = 1AB1D87820CE7AC4002B1B06 /* AddPost+UI.swift */; };
		1AB9E9E3209C6E13003441F8 /* EditEventController.swift in Sources */ = {isa = PBXBuildFile; fileRef = 1AB9E9E2209C6E13003441F8 /* EditEventController.swift */; };
		1AB9E9E6209C843D003441F8 /* Settings+UI.swift in Sources */ = {isa = PBXBuildFile; fileRef = 1AB9E9E5209C843D003441F8 /* Settings+UI.swift */; };
		1AB9E9E8209C85A9003441F8 /* EditEvent+UI.swift in Sources */ = {isa = PBXBuildFile; fileRef = 1AB9E9E7209C85A9003441F8 /* EditEvent+UI.swift */; };
		1AD6A51F20C1509400146F31 /* EventController.swift in Sources */ = {isa = PBXBuildFile; fileRef = 1AD6A51E20C1509400146F31 /* EventController.swift */; };
		1AD6F38420B41E4700E5F682 /* DetailsRegister+UI.swift in Sources */ = {isa = PBXBuildFile; fileRef = 1AD6F38320B41E4700E5F682 /* DetailsRegister+UI.swift */; };
		1AFD971D2097207700289FB3 /* Event.swift in Sources */ = {isa = PBXBuildFile; fileRef = 1AFD971C2097207700289FB3 /* Event.swift */; };
		84F7B7CE05AB1483B99962F9 /* Pods_UpFit_Coaching.framework in Frameworks */ = {isa = PBXBuildFile; fileRef = 040754759783E12EA5745BA7 /* Pods_UpFit_Coaching.framework */; };
		D702D2F2209F598C00970081 /* RegisterController.swift in Sources */ = {isa = PBXBuildFile; fileRef = D702D2F1209F598C00970081 /* RegisterController.swift */; };
		D702D2F4209F599500970081 /* Register+UI.swift in Sources */ = {isa = PBXBuildFile; fileRef = D702D2F3209F599500970081 /* Register+UI.swift */; };
		D702D2F6209F7D9D00970081 /* TypeRegisterController.swift in Sources */ = {isa = PBXBuildFile; fileRef = D702D2F5209F7D9D00970081 /* TypeRegisterController.swift */; };
		D702D2FC209F7F3200970081 /* TypeRegister+UI.swift in Sources */ = {isa = PBXBuildFile; fileRef = D702D2FB209F7F3200970081 /* TypeRegister+UI.swift */; };
		D702D2FE209F800100970081 /* AccountRegister+UI.swift in Sources */ = {isa = PBXBuildFile; fileRef = D702D2FD209F800100970081 /* AccountRegister+UI.swift */; };
		D702D302209F8D4000970081 /* FollowUpController.swift in Sources */ = {isa = PBXBuildFile; fileRef = D702D301209F8D4000970081 /* FollowUpController.swift */; };
		D70A3D50203CB3D9001C491A /* LoginController.swift in Sources */ = {isa = PBXBuildFile; fileRef = D70A3D4F203CB3D9001C491A /* LoginController.swift */; };
		D70C642C208CBDA600EC3F6C /* CalendarCell.swift in Sources */ = {isa = PBXBuildFile; fileRef = D70C642B208CBDA600EC3F6C /* CalendarCell.swift */; };
		D70C642F208CCEF200EC3F6C /* Calendar+UI.swift in Sources */ = {isa = PBXBuildFile; fileRef = D70C642E208CCEF200EC3F6C /* Calendar+UI.swift */; };
		D70C6432208CEFB000EC3F6C /* CalendarTableCell.swift in Sources */ = {isa = PBXBuildFile; fileRef = D70C6431208CEFB000EC3F6C /* CalendarTableCell.swift */; };
		D7108AFA2083B1C700AB6260 /* Database.swift in Sources */ = {isa = PBXBuildFile; fileRef = D7108AF92083B1C700AB6260 /* Database.swift */; };
		D71D60C8208BB5CD00F143CA /* MessagesDelegate.swift in Sources */ = {isa = PBXBuildFile; fileRef = D71D60C7208BB5CD00F143CA /* MessagesDelegate.swift */; };
		D71D60CB208CB2B700F143CA /* CalendarController.swift in Sources */ = {isa = PBXBuildFile; fileRef = D71D60CA208CB2B700F143CA /* CalendarController.swift */; };
		D724AB8620CD69260074164C /* EditProfileController.swift in Sources */ = {isa = PBXBuildFile; fileRef = D724AB8520CD69260074164C /* EditProfileController.swift */; };
		D724AB8820CD77B70074164C /* EditProfile+UI.swift in Sources */ = {isa = PBXBuildFile; fileRef = D724AB8720CD77B70074164C /* EditProfile+UI.swift */; };
		D724AB8B20CD825B0074164C /* FollowUp+UI.swift in Sources */ = {isa = PBXBuildFile; fileRef = D724AB8A20CD825B0074164C /* FollowUp+UI.swift */; };
		D731446A20D989660077AFEC /* Database+Migrations.swift in Sources */ = {isa = PBXBuildFile; fileRef = D731446920D989660077AFEC /* Database+Migrations.swift */; };
		D736E3FA20C6DD93000A147E /* GoogleService-Info.plist in Resources */ = {isa = PBXBuildFile; fileRef = D736E3F920C6DD93000A147E /* GoogleService-Info.plist */; };
		D73F2AE320F8DB9C005993FA /* SearchablePushRow.swift in Sources */ = {isa = PBXBuildFile; fileRef = D73F2AE220F8DB9C005993FA /* SearchablePushRow.swift */; };
		D744014420A4C9600078BEA4 /* Calendar+JTAppleCalendar.swift in Sources */ = {isa = PBXBuildFile; fileRef = D744014320A4C9600078BEA4 /* Calendar+JTAppleCalendar.swift */; };
		D744014820A4C9760078BEA4 /* Calendar+TableView.swift in Sources */ = {isa = PBXBuildFile; fileRef = D744014720A4C9760078BEA4 /* Calendar+TableView.swift */; };
		D744014A20A4D5DF0078BEA4 /* RegisterBox.swift in Sources */ = {isa = PBXBuildFile; fileRef = D744014920A4D5DF0078BEA4 /* RegisterBox.swift */; };
		D744014F20A4E85C0078BEA4 /* ConversationList+TableView.swift in Sources */ = {isa = PBXBuildFile; fileRef = D744014E20A4E85C0078BEA4 /* ConversationList+TableView.swift */; };
		D744015120A4E8780078BEA4 /* ConversationList+WebSocket.swift in Sources */ = {isa = PBXBuildFile; fileRef = D744015020A4E8780078BEA4 /* ConversationList+WebSocket.swift */; };
		D744015320A4ED600078BEA4 /* Conversation+CollectionView.swift in Sources */ = {isa = PBXBuildFile; fileRef = D744015220A4ED600078BEA4 /* Conversation+CollectionView.swift */; };
		D744015520A4ED6F0078BEA4 /* Conversation+WebSocket.swift in Sources */ = {isa = PBXBuildFile; fileRef = D744015420A4ED6F0078BEA4 /* Conversation+WebSocket.swift */; };
		D744FEE520C9848100FC5320 /* CreateThreadController.swift in Sources */ = {isa = PBXBuildFile; fileRef = D744FEE420C9848100FC5320 /* CreateThreadController.swift */; };
		D744FEE720C9D46900FC5320 /* Forum+UI.swift in Sources */ = {isa = PBXBuildFile; fileRef = D744FEE620C9D46900FC5320 /* Forum+UI.swift */; };
		D744FEE920C9D47600FC5320 /* CreateThread+UI.swift in Sources */ = {isa = PBXBuildFile; fileRef = D744FEE820C9D47600FC5320 /* CreateThread+UI.swift */; };
		D744FEED20C9D4C200FC5320 /* Forum+TableView.swift in Sources */ = {isa = PBXBuildFile; fileRef = D744FEEC20C9D4C200FC5320 /* Forum+TableView.swift */; };
		D744FEEF20C9DB0A00FC5320 /* Post.swift in Sources */ = {isa = PBXBuildFile; fileRef = D744FEEE20C9DB0A00FC5320 /* Post.swift */; };
		D744FEF120CADDDE00FC5320 /* ThreadController.swift in Sources */ = {isa = PBXBuildFile; fileRef = D744FEF020CADDDE00FC5320 /* ThreadController.swift */; };
		D744FEF420CC216800FC5320 /* AppDelegate+Notifications.swift in Sources */ = {isa = PBXBuildFile; fileRef = D744FEF320CC216800FC5320 /* AppDelegate+Notifications.swift */; };
		D745DF7820EBFE3300916AE6 /* PrescriptionController.swift in Sources */ = {isa = PBXBuildFile; fileRef = D745DF7720EBFE3300916AE6 /* PrescriptionController.swift */; };
		D745DF7B20EBFF0F00916AE6 /* Prescription.swift in Sources */ = {isa = PBXBuildFile; fileRef = D745DF7A20EBFF0F00916AE6 /* Prescription.swift */; };
		D745DF7D20EBFF8C00916AE6 /* Exercise.swift in Sources */ = {isa = PBXBuildFile; fileRef = D745DF7C20EBFF8C00916AE6 /* Exercise.swift */; };
		D745EA2820FA5A4700486346 /* CoachController.swift in Sources */ = {isa = PBXBuildFile; fileRef = D745EA2720FA5A4700486346 /* CoachController.swift */; };
		D773DD4C203362DE001520CA /* AppDelegate.swift in Sources */ = {isa = PBXBuildFile; fileRef = D773DD4B203362DE001520CA /* AppDelegate.swift */; };
		D773DD4E203362DE001520CA /* ConversationController.swift in Sources */ = {isa = PBXBuildFile; fileRef = D773DD4D203362DE001520CA /* ConversationController.swift */; };
		D773DD53203362DE001520CA /* Assets.xcassets in Resources */ = {isa = PBXBuildFile; fileRef = D773DD52203362DE001520CA /* Assets.xcassets */; };
		D773DD56203362DE001520CA /* LaunchScreen.storyboard in Resources */ = {isa = PBXBuildFile; fileRef = D773DD54203362DE001520CA /* LaunchScreen.storyboard */; };
		D781194A207D3F2D001762D4 /* Controllers+Helpers.swift in Sources */ = {isa = PBXBuildFile; fileRef = D7811949207D3F2D001762D4 /* Controllers+Helpers.swift */; };
		D781194E207D4392001762D4 /* SettingsController.swift in Sources */ = {isa = PBXBuildFile; fileRef = D781194D207D4392001762D4 /* SettingsController.swift */; };
		D789200D20542CF60020C703 /* Conversation.swift in Sources */ = {isa = PBXBuildFile; fileRef = D789200C20542CF60020C703 /* Conversation.swift */; };
		D789201120544E860020C703 /* Localizable.strings in Resources */ = {isa = PBXBuildFile; fileRef = D789201320544E860020C703 /* Localizable.strings */; };
		D789201720544FAD0020C703 /* String+Helpers.swift in Sources */ = {isa = PBXBuildFile; fileRef = D789201620544FAD0020C703 /* String+Helpers.swift */; };
		D7A5414920B0A87C003C9338 /* Decoding+Helpers.swift in Sources */ = {isa = PBXBuildFile; fileRef = D7A5414820B0A87C003C9338 /* Decoding+Helpers.swift */; };
		D7AA4E9020548098004A0986 /* MessageCell.swift in Sources */ = {isa = PBXBuildFile; fileRef = D7AA4E8F20548098004A0986 /* MessageCell.swift */; };
		D7AA4E92205481F3004A0986 /* ConversationLayout.swift in Sources */ = {isa = PBXBuildFile; fileRef = D7AA4E91205481F3004A0986 /* ConversationLayout.swift */; };
		D7B3C32D20B3184300CE3D7A /* AccountRegisterController.swift in Sources */ = {isa = PBXBuildFile; fileRef = D7B3C32C20B3184300CE3D7A /* AccountRegisterController.swift */; };
		D7B3C32F20B328C400CE3D7A /* DetailsRegisterController.swift in Sources */ = {isa = PBXBuildFile; fileRef = D7B3C32E20B328C400CE3D7A /* DetailsRegisterController.swift */; };
		D7B9CBF720541A0A00B755CD /* Conversation+UI.swift in Sources */ = {isa = PBXBuildFile; fileRef = D7B9CBF620541A0A00B755CD /* Conversation+UI.swift */; };
		D7B9CBF920541E6500B755CD /* ConversationList+UI.swift in Sources */ = {isa = PBXBuildFile; fileRef = D7B9CBF820541E6500B755CD /* ConversationList+UI.swift */; };
		D7B9CBFB20541E7300B755CD /* Login+UI.swift in Sources */ = {isa = PBXBuildFile; fileRef = D7B9CBFA20541E7300B755CD /* Login+UI.swift */; };
		D7BEAF1720DFEA6400FF93F9 /* LibrariesController.swift in Sources */ = {isa = PBXBuildFile; fileRef = D7BEAF1620DFEA6400FF93F9 /* LibrariesController.swift */; };
		D7BEAF1B20DFEE9C00FF93F9 /* libraries.html in Resources */ = {isa = PBXBuildFile; fileRef = D7BEAF1A20DFEE9C00FF93F9 /* libraries.html */; };
		D7C16C1520D58609004D6EA9 /* ClientsListController.swift in Sources */ = {isa = PBXBuildFile; fileRef = D7C16C1420D58609004D6EA9 /* ClientsListController.swift */; };
		D7C16C1720D58618004D6EA9 /* ClientsList+UI.swift in Sources */ = {isa = PBXBuildFile; fileRef = D7C16C1620D58618004D6EA9 /* ClientsList+UI.swift */; };
		D7C16C1A20D5937B004D6EA9 /* ClientsList+TableView.swift in Sources */ = {isa = PBXBuildFile; fileRef = D7C16C1920D5937B004D6EA9 /* ClientsList+TableView.swift */; };
		D7C16C1C20D5939A004D6EA9 /* ClientController.swift in Sources */ = {isa = PBXBuildFile; fileRef = D7C16C1B20D5939A004D6EA9 /* ClientController.swift */; };
		D7C16C1E20D593A5004D6EA9 /* Client+UI.swift in Sources */ = {isa = PBXBuildFile; fileRef = D7C16C1D20D593A5004D6EA9 /* Client+UI.swift */; };
		D7C5A1572039D1F400389AEB /* MessageBarView.swift in Sources */ = {isa = PBXBuildFile; fileRef = D7C5A1562039D1F400389AEB /* MessageBarView.swift */; };
		D7C8AA8E20DE406100427F89 /* UI.swift in Sources */ = {isa = PBXBuildFile; fileRef = D7C8AA8D20DE406100427F89 /* UI.swift */; };
		D7C8AA9020DE570300427F89 /* UIButton+Custom.swift in Sources */ = {isa = PBXBuildFile; fileRef = D7C8AA8F20DE570300427F89 /* UIButton+Custom.swift */; };
		D7D399DA20C88CEA0058EA0A /* Event+UI.swift in Sources */ = {isa = PBXBuildFile; fileRef = D7D399D920C88CEA0058EA0A /* Event+UI.swift */; };
		D7D399DE20C941980058EA0A /* ForumController.swift in Sources */ = {isa = PBXBuildFile; fileRef = D7D399DD20C941980058EA0A /* ForumController.swift */; };
		D7D399E120C9668E0058EA0A /* ForumThread.swift in Sources */ = {isa = PBXBuildFile; fileRef = D7D399E020C9668E0058EA0A /* ForumThread.swift */; };
		D7D399E320C968B20058EA0A /* Forum.swift in Sources */ = {isa = PBXBuildFile; fileRef = D7D399E220C968B20058EA0A /* Forum.swift */; };
		D7DAA24020554E7F007F3011 /* Colors.swift in Sources */ = {isa = PBXBuildFile; fileRef = D7DAA23F20554E7F007F3011 /* Colors.swift */; };
		D7DAA24220554F7C007F3011 /* Message.swift in Sources */ = {isa = PBXBuildFile; fileRef = D7DAA24120554F7C007F3011 /* Message.swift */; };
		D7EA724620FCA401002CE179 /* Prescription+UI.swift in Sources */ = {isa = PBXBuildFile; fileRef = D7EA724520FCA401002CE179 /* Prescription+UI.swift */; };
		D7EF961F20860EBB002E0A9B /* User.swift in Sources */ = {isa = PBXBuildFile; fileRef = D7EF961E20860EBB002E0A9B /* User.swift */; };
		D7EFFF33204FDE47004694EC /* Network.swift in Sources */ = {isa = PBXBuildFile; fileRef = D7EFFF32204FDE47004694EC /* Network.swift */; };
		D7F8ED032087DD1D0049B385 /* Database+Helpers.swift in Sources */ = {isa = PBXBuildFile; fileRef = D7F8ED022087DD1D0049B385 /* Database+Helpers.swift */; };
/* End PBXBuildFile section */

/* Begin PBXFileReference section */
		040754759783E12EA5745BA7 /* Pods_UpFit_Coaching.framework */ = {isa = PBXFileReference; explicitFileType = wrapper.framework; includeInIndex = 0; path = Pods_UpFit_Coaching.framework; sourceTree = BUILT_PRODUCTS_DIR; };
		1A13093D20CEC276009B608B /* Network+User.swift */ = {isa = PBXFileReference; lastKnownFileType = sourcecode.swift; path = "Network+User.swift"; sourceTree = "<group>"; };
		1A13093F20CEC8CA009B608B /* Network+Messages.swift */ = {isa = PBXFileReference; lastKnownFileType = sourcecode.swift; path = "Network+Messages.swift"; sourceTree = "<group>"; };
		1A13094120CEC8EA009B608B /* Network+Events.swift */ = {isa = PBXFileReference; lastKnownFileType = sourcecode.swift; path = "Network+Events.swift"; sourceTree = "<group>"; };
		1A13094320CEC902009B608B /* Network+Forum.swift */ = {isa = PBXFileReference; lastKnownFileType = sourcecode.swift; path = "Network+Forum.swift"; sourceTree = "<group>"; };
		1A34F8DD20D7F211008ED2A2 /* EditAppraisalController.swift */ = {isa = PBXFileReference; lastKnownFileType = sourcecode.swift; path = EditAppraisalController.swift; sourceTree = "<group>"; };
		1A34F8DF20D7F63F008ED2A2 /* EditAppraisal+UI.swift */ = {isa = PBXFileReference; lastKnownFileType = sourcecode.swift; path = "EditAppraisal+UI.swift"; sourceTree = "<group>"; };
		1A34F8E120D80328008ED2A2 /* AddMeasurementsController.swift */ = {isa = PBXFileReference; lastKnownFileType = sourcecode.swift; path = AddMeasurementsController.swift; sourceTree = "<group>"; };
		1A34F8E320D80332008ED2A2 /* NewTestController.swift */ = {isa = PBXFileReference; lastKnownFileType = sourcecode.swift; path = NewTestController.swift; sourceTree = "<group>"; };
		1A34F8E520D8056A008ED2A2 /* AddMeasurements+UI.swift */ = {isa = PBXFileReference; lastKnownFileType = sourcecode.swift; path = "AddMeasurements+UI.swift"; sourceTree = "<group>"; };
		1A34F8E720D8057B008ED2A2 /* NewTest+UI.swift */ = {isa = PBXFileReference; lastKnownFileType = sourcecode.swift; path = "NewTest+UI.swift"; sourceTree = "<group>"; };
		1A34F8EA20DD2184008ED2A2 /* Appraisal.swift */ = {isa = PBXFileReference; lastKnownFileType = sourcecode.swift; path = Appraisal.swift; sourceTree = "<group>"; };
		1A34F8EC20DD244B008ED2A2 /* Measurements.swift */ = {isa = PBXFileReference; lastKnownFileType = sourcecode.swift; path = Measurements.swift; sourceTree = "<group>"; };
		1A34F8EE20DD25FF008ED2A2 /* Test.swift */ = {isa = PBXFileReference; lastKnownFileType = sourcecode.swift; path = Test.swift; sourceTree = "<group>"; };
		1A34F8F020DD4226008ED2A2 /* Network+FollowUp.swift */ = {isa = PBXFileReference; lastKnownFileType = sourcecode.swift; path = "Network+FollowUp.swift"; sourceTree = "<group>"; };
		1A5BF19020E0E41300A89A87 /* Downloader.swift */ = {isa = PBXFileReference; lastKnownFileType = sourcecode.swift; path = Downloader.swift; sourceTree = "<group>"; };
		1A9A0199208DCC610005C60A /* Notification+Names.swift */ = {isa = PBXFileReference; lastKnownFileType = sourcecode.swift; path = "Notification+Names.swift"; sourceTree = "<group>"; };
		1A9E1946207E0EFB0091FABB /* fr */ = {isa = PBXFileReference; lastKnownFileType = text.plist.strings; name = fr; path = fr.lproj/LaunchScreen.strings; sourceTree = "<group>"; };
		1A9E1947207E0F3D0091FABB /* Base */ = {isa = PBXFileReference; lastKnownFileType = file.storyboard; name = Base; path = Base.lproj/LaunchScreen.storyboard; sourceTree = "<group>"; };
		1A9E1948207E0F480091FABB /* Base */ = {isa = PBXFileReference; lastKnownFileType = text.plist.strings; name = Base; path = Base.lproj/Localizable.strings; sourceTree = "<group>"; };
		1AA39738203C1BA10020092D /* ConversationListController.swift */ = {isa = PBXFileReference; lastKnownFileType = sourcecode.swift; path = ConversationListController.swift; sourceTree = "<group>"; };
		1AA3973A203C50520020092D /* ConversationListCell.swift */ = {isa = PBXFileReference; lastKnownFileType = sourcecode.swift; path = ConversationListCell.swift; sourceTree = "<group>"; };
		1AB1D86C20CE632B002B1B06 /* ThreadCell.swift */ = {isa = PBXFileReference; lastKnownFileType = sourcecode.swift; path = ThreadCell.swift; sourceTree = "<group>"; };
		1AB1D86E20CE6333002B1B06 /* PostCell.swift */ = {isa = PBXFileReference; lastKnownFileType = sourcecode.swift; path = PostCell.swift; sourceTree = "<group>"; };
		1AB1D87020CE6C9C002B1B06 /* Thread+TableView.swift */ = {isa = PBXFileReference; lastKnownFileType = sourcecode.swift; path = "Thread+TableView.swift"; sourceTree = "<group>"; };
		1AB1D87220CE6CB5002B1B06 /* Thread+UI.swift */ = {isa = PBXFileReference; lastKnownFileType = sourcecode.swift; path = "Thread+UI.swift"; sourceTree = "<group>"; };
		1AB1D87620CE7A60002B1B06 /* AddPostController.swift */ = {isa = PBXFileReference; lastKnownFileType = sourcecode.swift; path = AddPostController.swift; sourceTree = "<group>"; };
		1AB1D87820CE7AC4002B1B06 /* AddPost+UI.swift */ = {isa = PBXFileReference; lastKnownFileType = sourcecode.swift; path = "AddPost+UI.swift"; sourceTree = "<group>"; };
		1AB9E9E2209C6E13003441F8 /* EditEventController.swift */ = {isa = PBXFileReference; lastKnownFileType = sourcecode.swift; path = EditEventController.swift; sourceTree = "<group>"; };
		1AB9E9E5209C843D003441F8 /* Settings+UI.swift */ = {isa = PBXFileReference; lastKnownFileType = sourcecode.swift; path = "Settings+UI.swift"; sourceTree = "<group>"; };
		1AB9E9E7209C85A9003441F8 /* EditEvent+UI.swift */ = {isa = PBXFileReference; lastKnownFileType = sourcecode.swift; path = "EditEvent+UI.swift"; sourceTree = "<group>"; };
		1AD6A51E20C1509400146F31 /* EventController.swift */ = {isa = PBXFileReference; lastKnownFileType = sourcecode.swift; path = EventController.swift; sourceTree = "<group>"; };
		1AD6F38320B41E4700E5F682 /* DetailsRegister+UI.swift */ = {isa = PBXFileReference; lastKnownFileType = sourcecode.swift; path = "DetailsRegister+UI.swift"; sourceTree = "<group>"; };
		1AFD971C2097207700289FB3 /* Event.swift */ = {isa = PBXFileReference; lastKnownFileType = sourcecode.swift; path = Event.swift; sourceTree = "<group>"; };
		1B45136A80100CF7FB7047A0 /* Pods-UpFit Coaching.debug.xcconfig */ = {isa = PBXFileReference; includeInIndex = 1; lastKnownFileType = text.xcconfig; name = "Pods-UpFit Coaching.debug.xcconfig"; path = "Pods/Target Support Files/Pods-UpFit Coaching/Pods-UpFit Coaching.debug.xcconfig"; sourceTree = "<group>"; };
		3FFD1784B4119009CA67EE2B /* Pods-Coaching.debug.xcconfig */ = {isa = PBXFileReference; includeInIndex = 1; lastKnownFileType = text.xcconfig; name = "Pods-Coaching.debug.xcconfig"; path = "Pods/Target Support Files/Pods-Coaching/Pods-Coaching.debug.xcconfig"; sourceTree = "<group>"; };
		7BB9226391226412543F80BB /* Pods-UpFit Coaching.release.xcconfig */ = {isa = PBXFileReference; includeInIndex = 1; lastKnownFileType = text.xcconfig; name = "Pods-UpFit Coaching.release.xcconfig"; path = "Pods/Target Support Files/Pods-UpFit Coaching/Pods-UpFit Coaching.release.xcconfig"; sourceTree = "<group>"; };
		D2D0B65FD3BE78E21D99AA34 /* Pods_Coaching.framework */ = {isa = PBXFileReference; explicitFileType = wrapper.framework; includeInIndex = 0; path = Pods_Coaching.framework; sourceTree = BUILT_PRODUCTS_DIR; };
		D702D2F1209F598C00970081 /* RegisterController.swift */ = {isa = PBXFileReference; lastKnownFileType = sourcecode.swift; path = RegisterController.swift; sourceTree = "<group>"; };
		D702D2F3209F599500970081 /* Register+UI.swift */ = {isa = PBXFileReference; lastKnownFileType = sourcecode.swift; path = "Register+UI.swift"; sourceTree = "<group>"; };
		D702D2F5209F7D9D00970081 /* TypeRegisterController.swift */ = {isa = PBXFileReference; lastKnownFileType = sourcecode.swift; path = TypeRegisterController.swift; sourceTree = "<group>"; };
		D702D2FB209F7F3200970081 /* TypeRegister+UI.swift */ = {isa = PBXFileReference; lastKnownFileType = sourcecode.swift; path = "TypeRegister+UI.swift"; sourceTree = "<group>"; };
		D702D2FD209F800100970081 /* AccountRegister+UI.swift */ = {isa = PBXFileReference; lastKnownFileType = sourcecode.swift; path = "AccountRegister+UI.swift"; sourceTree = "<group>"; };
		D702D301209F8D4000970081 /* FollowUpController.swift */ = {isa = PBXFileReference; lastKnownFileType = sourcecode.swift; path = FollowUpController.swift; sourceTree = "<group>"; };
		D70A3D4F203CB3D9001C491A /* LoginController.swift */ = {isa = PBXFileReference; lastKnownFileType = sourcecode.swift; path = LoginController.swift; sourceTree = "<group>"; };
		D70C642B208CBDA600EC3F6C /* CalendarCell.swift */ = {isa = PBXFileReference; lastKnownFileType = sourcecode.swift; path = CalendarCell.swift; sourceTree = "<group>"; };
		D70C642E208CCEF200EC3F6C /* Calendar+UI.swift */ = {isa = PBXFileReference; lastKnownFileType = sourcecode.swift; path = "Calendar+UI.swift"; sourceTree = "<group>"; };
		D70C6431208CEFB000EC3F6C /* CalendarTableCell.swift */ = {isa = PBXFileReference; lastKnownFileType = sourcecode.swift; path = CalendarTableCell.swift; sourceTree = "<group>"; };
		D7108AF92083B1C700AB6260 /* Database.swift */ = {isa = PBXFileReference; lastKnownFileType = sourcecode.swift; path = Database.swift; sourceTree = "<group>"; };
		D71D60C7208BB5CD00F143CA /* MessagesDelegate.swift */ = {isa = PBXFileReference; lastKnownFileType = sourcecode.swift; path = MessagesDelegate.swift; sourceTree = "<group>"; };
		D71D60CA208CB2B700F143CA /* CalendarController.swift */ = {isa = PBXFileReference; lastKnownFileType = sourcecode.swift; path = CalendarController.swift; sourceTree = "<group>"; };
		D724AB8520CD69260074164C /* EditProfileController.swift */ = {isa = PBXFileReference; lastKnownFileType = sourcecode.swift; path = EditProfileController.swift; sourceTree = "<group>"; };
		D724AB8720CD77B70074164C /* EditProfile+UI.swift */ = {isa = PBXFileReference; lastKnownFileType = sourcecode.swift; path = "EditProfile+UI.swift"; sourceTree = "<group>"; };
		D724AB8A20CD825B0074164C /* FollowUp+UI.swift */ = {isa = PBXFileReference; lastKnownFileType = sourcecode.swift; path = "FollowUp+UI.swift"; sourceTree = "<group>"; };
		D731446920D989660077AFEC /* Database+Migrations.swift */ = {isa = PBXFileReference; lastKnownFileType = sourcecode.swift; path = "Database+Migrations.swift"; sourceTree = "<group>"; };
		D736E3F920C6DD93000A147E /* GoogleService-Info.plist */ = {isa = PBXFileReference; fileEncoding = 4; lastKnownFileType = text.plist.xml; path = "GoogleService-Info.plist"; sourceTree = "<group>"; };
		D736E3FB20C6EDA9000A147E /* UpFit Coaching.entitlements */ = {isa = PBXFileReference; lastKnownFileType = text.plist.entitlements; path = "UpFit Coaching.entitlements"; sourceTree = "<group>"; };
		D73F2AE220F8DB9C005993FA /* SearchablePushRow.swift */ = {isa = PBXFileReference; lastKnownFileType = sourcecode.swift; path = SearchablePushRow.swift; sourceTree = "<group>"; };
		D744014320A4C9600078BEA4 /* Calendar+JTAppleCalendar.swift */ = {isa = PBXFileReference; lastKnownFileType = sourcecode.swift; path = "Calendar+JTAppleCalendar.swift"; sourceTree = "<group>"; };
		D744014720A4C9760078BEA4 /* Calendar+TableView.swift */ = {isa = PBXFileReference; lastKnownFileType = sourcecode.swift; path = "Calendar+TableView.swift"; sourceTree = "<group>"; };
		D744014920A4D5DF0078BEA4 /* RegisterBox.swift */ = {isa = PBXFileReference; lastKnownFileType = sourcecode.swift; path = RegisterBox.swift; sourceTree = "<group>"; };
		D744014E20A4E85C0078BEA4 /* ConversationList+TableView.swift */ = {isa = PBXFileReference; lastKnownFileType = sourcecode.swift; path = "ConversationList+TableView.swift"; sourceTree = "<group>"; };
		D744015020A4E8780078BEA4 /* ConversationList+WebSocket.swift */ = {isa = PBXFileReference; lastKnownFileType = sourcecode.swift; path = "ConversationList+WebSocket.swift"; sourceTree = "<group>"; };
		D744015220A4ED600078BEA4 /* Conversation+CollectionView.swift */ = {isa = PBXFileReference; lastKnownFileType = sourcecode.swift; path = "Conversation+CollectionView.swift"; sourceTree = "<group>"; };
		D744015420A4ED6F0078BEA4 /* Conversation+WebSocket.swift */ = {isa = PBXFileReference; lastKnownFileType = sourcecode.swift; path = "Conversation+WebSocket.swift"; sourceTree = "<group>"; };
		D744FEE420C9848100FC5320 /* CreateThreadController.swift */ = {isa = PBXFileReference; lastKnownFileType = sourcecode.swift; path = CreateThreadController.swift; sourceTree = "<group>"; };
		D744FEE620C9D46900FC5320 /* Forum+UI.swift */ = {isa = PBXFileReference; lastKnownFileType = sourcecode.swift; path = "Forum+UI.swift"; sourceTree = "<group>"; };
		D744FEE820C9D47600FC5320 /* CreateThread+UI.swift */ = {isa = PBXFileReference; lastKnownFileType = sourcecode.swift; path = "CreateThread+UI.swift"; sourceTree = "<group>"; };
		D744FEEC20C9D4C200FC5320 /* Forum+TableView.swift */ = {isa = PBXFileReference; lastKnownFileType = sourcecode.swift; path = "Forum+TableView.swift"; sourceTree = "<group>"; };
		D744FEEE20C9DB0A00FC5320 /* Post.swift */ = {isa = PBXFileReference; lastKnownFileType = sourcecode.swift; path = Post.swift; sourceTree = "<group>"; };
		D744FEF020CADDDE00FC5320 /* ThreadController.swift */ = {isa = PBXFileReference; lastKnownFileType = sourcecode.swift; path = ThreadController.swift; sourceTree = "<group>"; };
		D744FEF320CC216800FC5320 /* AppDelegate+Notifications.swift */ = {isa = PBXFileReference; lastKnownFileType = sourcecode.swift; path = "AppDelegate+Notifications.swift"; sourceTree = "<group>"; };
		D745DF7720EBFE3300916AE6 /* PrescriptionController.swift */ = {isa = PBXFileReference; lastKnownFileType = sourcecode.swift; path = PrescriptionController.swift; sourceTree = "<group>"; };
		D745DF7A20EBFF0F00916AE6 /* Prescription.swift */ = {isa = PBXFileReference; lastKnownFileType = sourcecode.swift; path = Prescription.swift; sourceTree = "<group>"; };
		D745DF7C20EBFF8C00916AE6 /* Exercise.swift */ = {isa = PBXFileReference; lastKnownFileType = sourcecode.swift; path = Exercise.swift; sourceTree = "<group>"; };
		D745EA2720FA5A4700486346 /* CoachController.swift */ = {isa = PBXFileReference; lastKnownFileType = sourcecode.swift; path = CoachController.swift; sourceTree = "<group>"; };
		D773DD48203362DE001520CA /* UpFit Coaching.app */ = {isa = PBXFileReference; explicitFileType = wrapper.application; includeInIndex = 0; path = "UpFit Coaching.app"; sourceTree = BUILT_PRODUCTS_DIR; };
		D773DD4B203362DE001520CA /* AppDelegate.swift */ = {isa = PBXFileReference; lastKnownFileType = sourcecode.swift; path = AppDelegate.swift; sourceTree = "<group>"; };
		D773DD4D203362DE001520CA /* ConversationController.swift */ = {isa = PBXFileReference; lastKnownFileType = sourcecode.swift; path = ConversationController.swift; sourceTree = "<group>"; };
		D773DD52203362DE001520CA /* Assets.xcassets */ = {isa = PBXFileReference; lastKnownFileType = folder.assetcatalog; path = Assets.xcassets; sourceTree = "<group>"; };
		D773DD57203362DE001520CA /* Info.plist */ = {isa = PBXFileReference; lastKnownFileType = text.plist.xml; path = Info.plist; sourceTree = "<group>"; };
		D7811949207D3F2D001762D4 /* Controllers+Helpers.swift */ = {isa = PBXFileReference; lastKnownFileType = sourcecode.swift; path = "Controllers+Helpers.swift"; sourceTree = "<group>"; };
		D781194D207D4392001762D4 /* SettingsController.swift */ = {isa = PBXFileReference; lastKnownFileType = sourcecode.swift; path = SettingsController.swift; sourceTree = "<group>"; };
		D789200C20542CF60020C703 /* Conversation.swift */ = {isa = PBXFileReference; lastKnownFileType = sourcecode.swift; path = Conversation.swift; sourceTree = "<group>"; };
		D789201420544E890020C703 /* fr */ = {isa = PBXFileReference; lastKnownFileType = text.plist.strings; name = fr; path = fr.lproj/Localizable.strings; sourceTree = "<group>"; };
		D789201620544FAD0020C703 /* String+Helpers.swift */ = {isa = PBXFileReference; lastKnownFileType = sourcecode.swift; path = "String+Helpers.swift"; sourceTree = "<group>"; };
		D7A5414820B0A87C003C9338 /* Decoding+Helpers.swift */ = {isa = PBXFileReference; lastKnownFileType = sourcecode.swift; path = "Decoding+Helpers.swift"; sourceTree = "<group>"; };
		D7AA4E8F20548098004A0986 /* MessageCell.swift */ = {isa = PBXFileReference; lastKnownFileType = sourcecode.swift; path = MessageCell.swift; sourceTree = "<group>"; };
		D7AA4E91205481F3004A0986 /* ConversationLayout.swift */ = {isa = PBXFileReference; lastKnownFileType = sourcecode.swift; path = ConversationLayout.swift; sourceTree = "<group>"; };
		D7B3C32C20B3184300CE3D7A /* AccountRegisterController.swift */ = {isa = PBXFileReference; lastKnownFileType = sourcecode.swift; path = AccountRegisterController.swift; sourceTree = "<group>"; };
		D7B3C32E20B328C400CE3D7A /* DetailsRegisterController.swift */ = {isa = PBXFileReference; lastKnownFileType = sourcecode.swift; path = DetailsRegisterController.swift; sourceTree = "<group>"; };
		D7B9CBF620541A0A00B755CD /* Conversation+UI.swift */ = {isa = PBXFileReference; lastKnownFileType = sourcecode.swift; path = "Conversation+UI.swift"; sourceTree = "<group>"; };
		D7B9CBF820541E6500B755CD /* ConversationList+UI.swift */ = {isa = PBXFileReference; lastKnownFileType = sourcecode.swift; path = "ConversationList+UI.swift"; sourceTree = "<group>"; };
		D7B9CBFA20541E7300B755CD /* Login+UI.swift */ = {isa = PBXFileReference; lastKnownFileType = sourcecode.swift; path = "Login+UI.swift"; sourceTree = "<group>"; };
		D7BEAF1620DFEA6400FF93F9 /* LibrariesController.swift */ = {isa = PBXFileReference; lastKnownFileType = sourcecode.swift; path = LibrariesController.swift; sourceTree = "<group>"; };
		D7BEAF1A20DFEE9C00FF93F9 /* libraries.html */ = {isa = PBXFileReference; lastKnownFileType = text.html; path = libraries.html; sourceTree = "<group>"; };
		D7C16C1420D58609004D6EA9 /* ClientsListController.swift */ = {isa = PBXFileReference; lastKnownFileType = sourcecode.swift; path = ClientsListController.swift; sourceTree = "<group>"; };
		D7C16C1620D58618004D6EA9 /* ClientsList+UI.swift */ = {isa = PBXFileReference; lastKnownFileType = sourcecode.swift; path = "ClientsList+UI.swift"; sourceTree = "<group>"; };
		D7C16C1920D5937B004D6EA9 /* ClientsList+TableView.swift */ = {isa = PBXFileReference; lastKnownFileType = sourcecode.swift; path = "ClientsList+TableView.swift"; sourceTree = "<group>"; };
		D7C16C1B20D5939A004D6EA9 /* ClientController.swift */ = {isa = PBXFileReference; lastKnownFileType = sourcecode.swift; path = ClientController.swift; sourceTree = "<group>"; };
		D7C16C1D20D593A5004D6EA9 /* Client+UI.swift */ = {isa = PBXFileReference; lastKnownFileType = sourcecode.swift; path = "Client+UI.swift"; sourceTree = "<group>"; };
		D7C5A1562039D1F400389AEB /* MessageBarView.swift */ = {isa = PBXFileReference; lastKnownFileType = sourcecode.swift; path = MessageBarView.swift; sourceTree = "<group>"; };
		D7C8AA8D20DE406100427F89 /* UI.swift */ = {isa = PBXFileReference; lastKnownFileType = sourcecode.swift; path = UI.swift; sourceTree = "<group>"; };
		D7C8AA8F20DE570300427F89 /* UIButton+Custom.swift */ = {isa = PBXFileReference; lastKnownFileType = sourcecode.swift; path = "UIButton+Custom.swift"; sourceTree = "<group>"; };
		D7D399D920C88CEA0058EA0A /* Event+UI.swift */ = {isa = PBXFileReference; lastKnownFileType = sourcecode.swift; path = "Event+UI.swift"; sourceTree = "<group>"; };
		D7D399DD20C941980058EA0A /* ForumController.swift */ = {isa = PBXFileReference; lastKnownFileType = sourcecode.swift; path = ForumController.swift; sourceTree = "<group>"; };
		D7D399E020C9668E0058EA0A /* ForumThread.swift */ = {isa = PBXFileReference; lastKnownFileType = sourcecode.swift; path = ForumThread.swift; sourceTree = "<group>"; };
		D7D399E220C968B20058EA0A /* Forum.swift */ = {isa = PBXFileReference; lastKnownFileType = sourcecode.swift; path = Forum.swift; sourceTree = "<group>"; };
		D7DAA23F20554E7F007F3011 /* Colors.swift */ = {isa = PBXFileReference; lastKnownFileType = sourcecode.swift; path = Colors.swift; sourceTree = "<group>"; };
		D7DAA24120554F7C007F3011 /* Message.swift */ = {isa = PBXFileReference; lastKnownFileType = sourcecode.swift; path = Message.swift; sourceTree = "<group>"; };
		D7EA724520FCA401002CE179 /* Prescription+UI.swift */ = {isa = PBXFileReference; lastKnownFileType = sourcecode.swift; path = "Prescription+UI.swift"; sourceTree = "<group>"; };
		D7EF961E20860EBB002E0A9B /* User.swift */ = {isa = PBXFileReference; lastKnownFileType = sourcecode.swift; path = User.swift; sourceTree = "<group>"; };
		D7EFFF32204FDE47004694EC /* Network.swift */ = {isa = PBXFileReference; lastKnownFileType = sourcecode.swift; path = Network.swift; sourceTree = "<group>"; };
		D7F8ED022087DD1D0049B385 /* Database+Helpers.swift */ = {isa = PBXFileReference; lastKnownFileType = sourcecode.swift; path = "Database+Helpers.swift"; sourceTree = "<group>"; };
		E995B5783B3772E82DD83D26 /* Pods-Coaching.release.xcconfig */ = {isa = PBXFileReference; includeInIndex = 1; lastKnownFileType = text.xcconfig; name = "Pods-Coaching.release.xcconfig"; path = "Pods/Target Support Files/Pods-Coaching/Pods-Coaching.release.xcconfig"; sourceTree = "<group>"; };
/* End PBXFileReference section */

/* Begin PBXFrameworksBuildPhase section */
		D773DD45203362DE001520CA /* Frameworks */ = {
			isa = PBXFrameworksBuildPhase;
			buildActionMask = 2147483647;
			files = (
				84F7B7CE05AB1483B99962F9 /* Pods_UpFit_Coaching.framework in Frameworks */,
			);
			runOnlyForDeploymentPostprocessing = 0;
		};
/* End PBXFrameworksBuildPhase section */

/* Begin PBXGroup section */
		1A13093C20CEC22D009B608B /* Network */ = {
			isa = PBXGroup;
			children = (
				D7EFFF32204FDE47004694EC /* Network.swift */,
				1A13093D20CEC276009B608B /* Network+User.swift */,
				1A13093F20CEC8CA009B608B /* Network+Messages.swift */,
				1A13094120CEC8EA009B608B /* Network+Events.swift */,
				1A13094320CEC902009B608B /* Network+Forum.swift */,
				1A34F8F020DD4226008ED2A2 /* Network+FollowUp.swift */,
			);
			path = Network;
			sourceTree = "<group>";
		};
		1A34F8DB20D7AC88008ED2A2 /* Clients */ = {
			isa = PBXGroup;
			children = (
				D7C16C1420D58609004D6EA9 /* ClientsListController.swift */,
				D7C16C1B20D5939A004D6EA9 /* ClientController.swift */,
				1A34F8DC20D7AC9C008ED2A2 /* UI */,
				D7C16C1820D5934D004D6EA9 /* Protocols */,
			);
			path = Clients;
			sourceTree = "<group>";
		};
		1A34F8DC20D7AC9C008ED2A2 /* UI */ = {
			isa = PBXGroup;
			children = (
				D7C16C1620D58618004D6EA9 /* ClientsList+UI.swift */,
				D7C16C1D20D593A5004D6EA9 /* Client+UI.swift */,
			);
			path = UI;
			sourceTree = "<group>";
		};
		1A8A18E6203AFD11006D2183 /* Views */ = {
			isa = PBXGroup;
			children = (
				D7C5A1562039D1F400389AEB /* MessageBarView.swift */,
				1AA3973A203C50520020092D /* ConversationListCell.swift */,
				D7AA4E8F20548098004A0986 /* MessageCell.swift */,
			);
			path = Views;
			sourceTree = "<group>";
		};
		1A9E1949207E30730091FABB /* Login */ = {
			isa = PBXGroup;
			children = (
				D70A3D4F203CB3D9001C491A /* LoginController.swift */,
				D702D2F1209F598C00970081 /* RegisterController.swift */,
				D702D2F5209F7D9D00970081 /* TypeRegisterController.swift */,
				D7B3C32C20B3184300CE3D7A /* AccountRegisterController.swift */,
				D7B3C32E20B328C400CE3D7A /* DetailsRegisterController.swift */,
				1A9E1951207E40630091FABB /* UI */,
				D7EF961D20860E99002E0A9B /* Models */,
			);
			path = Login;
			sourceTree = "<group>";
		};
		1A9E194A207E30900091FABB /* Settings */ = {
			isa = PBXGroup;
			children = (
				D781194D207D4392001762D4 /* SettingsController.swift */,
				D724AB8520CD69260074164C /* EditProfileController.swift */,
				D745EA2720FA5A4700486346 /* CoachController.swift */,
				D7BEAF1620DFEA6400FF93F9 /* LibrariesController.swift */,
				1AB9E9E4209C842C003441F8 /* UI */,
			);
			path = Settings;
			sourceTree = "<group>";
		};
		1A9E194B207E30A40091FABB /* Messages */ = {
			isa = PBXGroup;
			children = (
				1AA39738203C1BA10020092D /* ConversationListController.swift */,
				D773DD4D203362DE001520CA /* ConversationController.swift */,
				D71D60C7208BB5CD00F143CA /* MessagesDelegate.swift */,
				D7B9CBF5205419F300B755CD /* UI */,
				D789200B20542CE30020C703 /* Models */,
				1A8A18E6203AFD11006D2183 /* Views */,
				D744014B20A4E81C0078BEA4 /* Protocols */,
			);
			path = Messages;
			sourceTree = "<group>";
		};
		1A9E194C207E37040091FABB /* Controllers */ = {
			isa = PBXGroup;
			children = (
				1A9E1949207E30730091FABB /* Login */,
				1A34F8DB20D7AC88008ED2A2 /* Clients */,
				D7D399DB20C939A10058EA0A /* Follow up */,
				D71D60C9208CB29D00F143CA /* Calendar */,
				1A9E194B207E30A40091FABB /* Messages */,
				D7D399DC20C939C10058EA0A /* Forum */,
				1A9E194A207E30900091FABB /* Settings */,
			);
			path = Controllers;
			sourceTree = "<group>";
		};
		1A9E1951207E40630091FABB /* UI */ = {
			isa = PBXGroup;
			children = (
				D7B9CBFA20541E7300B755CD /* Login+UI.swift */,
				D702D2F3209F599500970081 /* Register+UI.swift */,
				D702D2FB209F7F3200970081 /* TypeRegister+UI.swift */,
				D702D2FD209F800100970081 /* AccountRegister+UI.swift */,
				1AD6F38320B41E4700E5F682 /* DetailsRegister+UI.swift */,
			);
			path = UI;
			sourceTree = "<group>";
		};
		1AB1D86B20CE6303002B1B06 /* Views */ = {
			isa = PBXGroup;
			children = (
				1AB1D86C20CE632B002B1B06 /* ThreadCell.swift */,
				1AB1D86E20CE6333002B1B06 /* PostCell.swift */,
			);
			path = Views;
			sourceTree = "<group>";
		};
		1AB9E9E4209C842C003441F8 /* UI */ = {
			isa = PBXGroup;
			children = (
				1AB9E9E5209C843D003441F8 /* Settings+UI.swift */,
				D724AB8720CD77B70074164C /* EditProfile+UI.swift */,
			);
			path = UI;
			sourceTree = "<group>";
		};
		1AB9EA1120A2FD67003441F8 /* Protocols */ = {
			isa = PBXGroup;
			children = (
				D744014320A4C9600078BEA4 /* Calendar+JTAppleCalendar.swift */,
				D744014720A4C9760078BEA4 /* Calendar+TableView.swift */,
			);
			path = Protocols;
			sourceTree = "<group>";
		};
		1AFD971B2097206500289FB3 /* Models */ = {
			isa = PBXGroup;
			children = (
				1AFD971C2097207700289FB3 /* Event.swift */,
			);
			path = Models;
			sourceTree = "<group>";
		};
		6D2E07DAE6FDC13B41A69836 /* Frameworks */ = {
			isa = PBXGroup;
			children = (
				D2D0B65FD3BE78E21D99AA34 /* Pods_Coaching.framework */,
				040754759783E12EA5745BA7 /* Pods_UpFit_Coaching.framework */,
			);
			name = Frameworks;
			sourceTree = "<group>";
		};
		AFEE5D02DBB12D6E37D24D0F /* Pods */ = {
			isa = PBXGroup;
			children = (
				3FFD1784B4119009CA67EE2B /* Pods-Coaching.debug.xcconfig */,
				E995B5783B3772E82DD83D26 /* Pods-Coaching.release.xcconfig */,
				1B45136A80100CF7FB7047A0 /* Pods-UpFit Coaching.debug.xcconfig */,
				7BB9226391226412543F80BB /* Pods-UpFit Coaching.release.xcconfig */,
			);
			name = Pods;
			sourceTree = "<group>";
		};
		D70C642D208CCED500EC3F6C /* Views */ = {
			isa = PBXGroup;
			children = (
				D70C642B208CBDA600EC3F6C /* CalendarCell.swift */,
				D70C6431208CEFB000EC3F6C /* CalendarTableCell.swift */,
			);
			path = Views;
			sourceTree = "<group>";
		};
		D70C6430208CCEF700EC3F6C /* UI */ = {
			isa = PBXGroup;
			children = (
				D70C642E208CCEF200EC3F6C /* Calendar+UI.swift */,
				D7D399D920C88CEA0058EA0A /* Event+UI.swift */,
				1AB9E9E7209C85A9003441F8 /* EditEvent+UI.swift */,
			);
			path = UI;
			sourceTree = "<group>";
		};
		D71D60C9208CB29D00F143CA /* Calendar */ = {
			isa = PBXGroup;
			children = (
				D71D60CA208CB2B700F143CA /* CalendarController.swift */,
				1AD6A51E20C1509400146F31 /* EventController.swift */,
				1AB9E9E2209C6E13003441F8 /* EditEventController.swift */,
				D70C6430208CCEF700EC3F6C /* UI */,
				1AFD971B2097206500289FB3 /* Models */,
				D70C642D208CCED500EC3F6C /* Views */,
				1AB9EA1120A2FD67003441F8 /* Protocols */,
			);
			path = Calendar;
			sourceTree = "<group>";
		};
		D724AB8920CD82510074164C /* UI */ = {
			isa = PBXGroup;
			children = (
				D724AB8A20CD825B0074164C /* FollowUp+UI.swift */,
				1A34F8DF20D7F63F008ED2A2 /* EditAppraisal+UI.swift */,
				1A34F8E520D8056A008ED2A2 /* AddMeasurements+UI.swift */,
				1A34F8E720D8057B008ED2A2 /* NewTest+UI.swift */,
				D7EA724520FCA401002CE179 /* Prescription+UI.swift */,
			);
			path = UI;
			sourceTree = "<group>";
		};
		D744014B20A4E81C0078BEA4 /* Protocols */ = {
			isa = PBXGroup;
			children = (
				D744014E20A4E85C0078BEA4 /* ConversationList+TableView.swift */,
				D744015020A4E8780078BEA4 /* ConversationList+WebSocket.swift */,
				D744015220A4ED600078BEA4 /* Conversation+CollectionView.swift */,
				D744015420A4ED6F0078BEA4 /* Conversation+WebSocket.swift */,
			);
			path = Protocols;
			sourceTree = "<group>";
		};
		D744FEEA20C9D47A00FC5320 /* UI */ = {
			isa = PBXGroup;
			children = (
				D744FEE620C9D46900FC5320 /* Forum+UI.swift */,
				D744FEE820C9D47600FC5320 /* CreateThread+UI.swift */,
				1AB1D87220CE6CB5002B1B06 /* Thread+UI.swift */,
				1AB1D87820CE7AC4002B1B06 /* AddPost+UI.swift */,
			);
			path = UI;
			sourceTree = "<group>";
		};
		D744FEEB20C9D4B300FC5320 /* Protocols */ = {
			isa = PBXGroup;
			children = (
				D744FEEC20C9D4C200FC5320 /* Forum+TableView.swift */,
				1AB1D87020CE6C9C002B1B06 /* Thread+TableView.swift */,
			);
			path = Protocols;
			sourceTree = "<group>";
		};
		D744FEF220CC214800FC5320 /* AppDelegate */ = {
			isa = PBXGroup;
			children = (
				D773DD4B203362DE001520CA /* AppDelegate.swift */,
				D744FEF320CC216800FC5320 /* AppDelegate+Notifications.swift */,
			);
			path = AppDelegate;
			sourceTree = "<group>";
		};
		D745DF7920EBFEF900916AE6 /* Models */ = {
			isa = PBXGroup;
			children = (
				1A34F8EA20DD2184008ED2A2 /* Appraisal.swift */,
				1A34F8EC20DD244B008ED2A2 /* Measurements.swift */,
				1A34F8EE20DD25FF008ED2A2 /* Test.swift */,
				D745DF7A20EBFF0F00916AE6 /* Prescription.swift */,
				D745DF7C20EBFF8C00916AE6 /* Exercise.swift */,
			);
			path = Models;
			sourceTree = "<group>";
		};
		D773DD3F203362DD001520CA = {
			isa = PBXGroup;
			children = (
				D773DD4A203362DE001520CA /* UpFit Coaching */,
				D773DD49203362DE001520CA /* Products */,
				AFEE5D02DBB12D6E37D24D0F /* Pods */,
				6D2E07DAE6FDC13B41A69836 /* Frameworks */,
			);
			sourceTree = "<group>";
		};
		D773DD49203362DE001520CA /* Products */ = {
			isa = PBXGroup;
			children = (
				D773DD48203362DE001520CA /* UpFit Coaching.app */,
			);
			name = Products;
			sourceTree = "<group>";
		};
		D773DD4A203362DE001520CA /* UpFit Coaching */ = {
			isa = PBXGroup;
			children = (
				D736E3FB20C6EDA9000A147E /* UpFit Coaching.entitlements */,
				D744FEF220CC214800FC5320 /* AppDelegate */,
				D773DD57203362DE001520CA /* Info.plist */,
				D736E3F920C6DD93000A147E /* GoogleService-Info.plist */,
				1A9E194C207E37040091FABB /* Controllers */,
				1A13093C20CEC22D009B608B /* Network */,
				D7EFFF31204FDE08004694EC /* Helpers */,
				D789201520544F7E0020C703 /* Supporting Files */,
			);
			path = "UpFit Coaching";
			sourceTree = "<group>";
		};
		D789200B20542CE30020C703 /* Models */ = {
			isa = PBXGroup;
			children = (
				D789200C20542CF60020C703 /* Conversation.swift */,
				D7DAA24120554F7C007F3011 /* Message.swift */,
			);
			path = Models;
			sourceTree = "<group>";
		};
		D789201520544F7E0020C703 /* Supporting Files */ = {
			isa = PBXGroup;
			children = (
				D773DD52203362DE001520CA /* Assets.xcassets */,
				D773DD54203362DE001520CA /* LaunchScreen.storyboard */,
				D789201320544E860020C703 /* Localizable.strings */,
				D7BEAF1A20DFEE9C00FF93F9 /* libraries.html */,
			);
			path = "Supporting Files";
			sourceTree = "<group>";
		};
		D7B9CBF5205419F300B755CD /* UI */ = {
			isa = PBXGroup;
			children = (
				D7B9CBF820541E6500B755CD /* ConversationList+UI.swift */,
				D7B9CBF620541A0A00B755CD /* Conversation+UI.swift */,
				D7AA4E91205481F3004A0986 /* ConversationLayout.swift */,
			);
			path = UI;
			sourceTree = "<group>";
		};
		D7C16C1820D5934D004D6EA9 /* Protocols */ = {
			isa = PBXGroup;
			children = (
				D7C16C1920D5937B004D6EA9 /* ClientsList+TableView.swift */,
			);
			path = Protocols;
			sourceTree = "<group>";
		};
		D7D399DB20C939A10058EA0A /* Follow up */ = {
			isa = PBXGroup;
			children = (
				D702D301209F8D4000970081 /* FollowUpController.swift */,
				1A34F8DD20D7F211008ED2A2 /* EditAppraisalController.swift */,
				1A34F8E120D80328008ED2A2 /* AddMeasurementsController.swift */,
				1A34F8E320D80332008ED2A2 /* NewTestController.swift */,
				D745DF7720EBFE3300916AE6 /* PrescriptionController.swift */,
				D724AB8920CD82510074164C /* UI */,
				D745DF7920EBFEF900916AE6 /* Models */,
			);
			path = "Follow up";
			sourceTree = "<group>";
		};
		D7D399DC20C939C10058EA0A /* Forum */ = {
			isa = PBXGroup;
			children = (
				D7D399DD20C941980058EA0A /* ForumController.swift */,
				D744FEE420C9848100FC5320 /* CreateThreadController.swift */,
				D744FEF020CADDDE00FC5320 /* ThreadController.swift */,
				1AB1D87620CE7A60002B1B06 /* AddPostController.swift */,
				D744FEEA20C9D47A00FC5320 /* UI */,
				D7D399DF20C966830058EA0A /* Models */,
				1AB1D86B20CE6303002B1B06 /* Views */,
				D744FEEB20C9D4B300FC5320 /* Protocols */,
			);
			path = Forum;
			sourceTree = "<group>";
		};
		D7D399DF20C966830058EA0A /* Models */ = {
			isa = PBXGroup;
			children = (
				D7D399E020C9668E0058EA0A /* ForumThread.swift */,
				D7D399E220C968B20058EA0A /* Forum.swift */,
				D744FEEE20C9DB0A00FC5320 /* Post.swift */,
			);
			path = Models;
			sourceTree = "<group>";
		};
		D7EF961D20860E99002E0A9B /* Models */ = {
			isa = PBXGroup;
			children = (
				D7EF961E20860EBB002E0A9B /* User.swift */,
				D744014920A4D5DF0078BEA4 /* RegisterBox.swift */,
			);
			path = Models;
			sourceTree = "<group>";
		};
		D7EFFF31204FDE08004694EC /* Helpers */ = {
			isa = PBXGroup;
			children = (
				D7C8AA8D20DE406100427F89 /* UI.swift */,
				1A5BF19020E0E41300A89A87 /* Downloader.swift */,
				D7108AF92083B1C700AB6260 /* Database.swift */,
				D731446920D989660077AFEC /* Database+Migrations.swift */,
				D7F8ED022087DD1D0049B385 /* Database+Helpers.swift */,
				D7F8ED062087E0260049B385 /* Extensions */,
				D73F2AE220F8DB9C005993FA /* SearchablePushRow.swift */,
			);
			path = Helpers;
			sourceTree = "<group>";
		};
		D7F8ED062087E0260049B385 /* Extensions */ = {
			isa = PBXGroup;
			children = (
				D7DAA23F20554E7F007F3011 /* Colors.swift */,
				D789201620544FAD0020C703 /* String+Helpers.swift */,
				D7811949207D3F2D001762D4 /* Controllers+Helpers.swift */,
				1A9A0199208DCC610005C60A /* Notification+Names.swift */,
				D7A5414820B0A87C003C9338 /* Decoding+Helpers.swift */,
				D7C8AA8F20DE570300427F89 /* UIButton+Custom.swift */,
			);
			path = Extensions;
			sourceTree = "<group>";
		};
/* End PBXGroup section */

/* Begin PBXNativeTarget section */
		D773DD47203362DE001520CA /* UpFit Coaching */ = {
			isa = PBXNativeTarget;
			buildConfigurationList = D773DD5A203362DE001520CA /* Build configuration list for PBXNativeTarget "UpFit Coaching" */;
			buildPhases = (
				B31271742F6097CE32DDBFD9 /* [CP] Check Pods Manifest.lock */,
				D773DD44203362DE001520CA /* Sources */,
				D773DD45203362DE001520CA /* Frameworks */,
				D773DD46203362DE001520CA /* Resources */,
				D7B9CBF4205407E100B755CD /* ShellScript */,
				344804225E03AF50A03E1FDA /* [CP] Embed Pods Frameworks */,
			);
			buildRules = (
			);
			dependencies = (
			);
			name = "UpFit Coaching";
			productName = Coaching;
			productReference = D773DD48203362DE001520CA /* UpFit Coaching.app */;
			productType = "com.apple.product-type.application";
		};
/* End PBXNativeTarget section */

/* Begin PBXProject section */
		D773DD40203362DD001520CA /* Project object */ = {
			isa = PBXProject;
			attributes = {
				LastSwiftUpdateCheck = 0920;
				LastUpgradeCheck = 0930;
				ORGANIZATIONNAME = "Jason Pierna";
				TargetAttributes = {
					D773DD47203362DE001520CA = {
						CreatedOnToolsVersion = 9.2;
						ProvisioningStyle = Automatic;
						SystemCapabilities = {
							com.apple.Push = {
								enabled = 1;
							};
						};
					};
				};
			};
			buildConfigurationList = D773DD43203362DD001520CA /* Build configuration list for PBXProject "UpFit Coaching" */;
			compatibilityVersion = "Xcode 8.0";
			developmentRegion = en;
			hasScannedForEncodings = 0;
			knownRegions = (
				en,
				fr,
				Base,
			);
			mainGroup = D773DD3F203362DD001520CA;
			productRefGroup = D773DD49203362DE001520CA /* Products */;
			projectDirPath = "";
			projectRoot = "";
			targets = (
				D773DD47203362DE001520CA /* UpFit Coaching */,
			);
		};
/* End PBXProject section */

/* Begin PBXResourcesBuildPhase section */
		D773DD46203362DE001520CA /* Resources */ = {
			isa = PBXResourcesBuildPhase;
			buildActionMask = 2147483647;
			files = (
				D7BEAF1B20DFEE9C00FF93F9 /* libraries.html in Resources */,
				D773DD56203362DE001520CA /* LaunchScreen.storyboard in Resources */,
				D736E3FA20C6DD93000A147E /* GoogleService-Info.plist in Resources */,
				D789201120544E860020C703 /* Localizable.strings in Resources */,
				D773DD53203362DE001520CA /* Assets.xcassets in Resources */,
			);
			runOnlyForDeploymentPostprocessing = 0;
		};
/* End PBXResourcesBuildPhase section */

/* Begin PBXShellScriptBuildPhase section */
		344804225E03AF50A03E1FDA /* [CP] Embed Pods Frameworks */ = {
			isa = PBXShellScriptBuildPhase;
			buildActionMask = 2147483647;
			files = (
			);
			inputPaths = (
				"${SRCROOT}/Pods/Target Support Files/Pods-UpFit Coaching/Pods-UpFit Coaching-frameworks.sh",
				"${BUILT_PRODUCTS_DIR}/Charts/Charts.framework",
				"${BUILT_PRODUCTS_DIR}/CryptoSwift/CryptoSwift.framework",
				"${BUILT_PRODUCTS_DIR}/Eureka/Eureka.framework",
				"${BUILT_PRODUCTS_DIR}/GoogleToolboxForMac/GoogleToolboxForMac.framework",
				"${BUILT_PRODUCTS_DIR}/JSONWebToken/JWT.framework",
				"${BUILT_PRODUCTS_DIR}/JTAppleCalendar/JTAppleCalendar.framework",
				"${BUILT_PRODUCTS_DIR}/PKHUD/PKHUD.framework",
				"${BUILT_PRODUCTS_DIR}/Protobuf/Protobuf.framework",
				"${BUILT_PRODUCTS_DIR}/Realm/Realm.framework",
				"${BUILT_PRODUCTS_DIR}/RealmSwift/RealmSwift.framework",
				"${BUILT_PRODUCTS_DIR}/Starscream/Starscream.framework",
				"${BUILT_PRODUCTS_DIR}/nanopb/nanopb.framework",
			);
			name = "[CP] Embed Pods Frameworks";
			outputPaths = (
				"${TARGET_BUILD_DIR}/${FRAMEWORKS_FOLDER_PATH}/Charts.framework",
				"${TARGET_BUILD_DIR}/${FRAMEWORKS_FOLDER_PATH}/CryptoSwift.framework",
				"${TARGET_BUILD_DIR}/${FRAMEWORKS_FOLDER_PATH}/Eureka.framework",
				"${TARGET_BUILD_DIR}/${FRAMEWORKS_FOLDER_PATH}/GoogleToolboxForMac.framework",
				"${TARGET_BUILD_DIR}/${FRAMEWORKS_FOLDER_PATH}/JWT.framework",
				"${TARGET_BUILD_DIR}/${FRAMEWORKS_FOLDER_PATH}/JTAppleCalendar.framework",
				"${TARGET_BUILD_DIR}/${FRAMEWORKS_FOLDER_PATH}/PKHUD.framework",
				"${TARGET_BUILD_DIR}/${FRAMEWORKS_FOLDER_PATH}/Protobuf.framework",
				"${TARGET_BUILD_DIR}/${FRAMEWORKS_FOLDER_PATH}/Realm.framework",
				"${TARGET_BUILD_DIR}/${FRAMEWORKS_FOLDER_PATH}/RealmSwift.framework",
				"${TARGET_BUILD_DIR}/${FRAMEWORKS_FOLDER_PATH}/Starscream.framework",
				"${TARGET_BUILD_DIR}/${FRAMEWORKS_FOLDER_PATH}/nanopb.framework",
			);
			runOnlyForDeploymentPostprocessing = 0;
			shellPath = /bin/sh;
			shellScript = "\"${SRCROOT}/Pods/Target Support Files/Pods-UpFit Coaching/Pods-UpFit Coaching-frameworks.sh\"\n";
			showEnvVarsInLog = 0;
		};
		B31271742F6097CE32DDBFD9 /* [CP] Check Pods Manifest.lock */ = {
			isa = PBXShellScriptBuildPhase;
			buildActionMask = 2147483647;
			files = (
			);
			inputPaths = (
				"${PODS_PODFILE_DIR_PATH}/Podfile.lock",
				"${PODS_ROOT}/Manifest.lock",
			);
			name = "[CP] Check Pods Manifest.lock";
			outputPaths = (
				"$(DERIVED_FILE_DIR)/Pods-UpFit Coaching-checkManifestLockResult.txt",
			);
			runOnlyForDeploymentPostprocessing = 0;
			shellPath = /bin/sh;
			shellScript = "diff \"${PODS_PODFILE_DIR_PATH}/Podfile.lock\" \"${PODS_ROOT}/Manifest.lock\" > /dev/null\nif [ $? != 0 ] ; then\n    # print error to STDERR\n    echo \"error: The sandbox is not in sync with the Podfile.lock. Run 'pod install' or update your CocoaPods installation.\" >&2\n    exit 1\nfi\n# This output is used by Xcode 'outputs' to avoid re-running this script phase.\necho \"SUCCESS\" > \"${SCRIPT_OUTPUT_FILE_0}\"\n";
			showEnvVarsInLog = 0;
		};
		D7B9CBF4205407E100B755CD /* ShellScript */ = {
			isa = PBXShellScriptBuildPhase;
			buildActionMask = 2147483647;
			files = (
			);
			inputPaths = (
			);
			outputPaths = (
			);
			runOnlyForDeploymentPostprocessing = 0;
			shellPath = /bin/sh;
			shellScript = "if which swiftlint >/dev/null; then\n    swiftlint\nelse\n    echo \"warning: SwiftLint not installed! Run \\\"brew install swiftlint\\\" to fix this.\"\nfi";
		};
/* End PBXShellScriptBuildPhase section */

/* Begin PBXSourcesBuildPhase section */
		D773DD44203362DE001520CA /* Sources */ = {
			isa = PBXSourcesBuildPhase;
			buildActionMask = 2147483647;
			files = (
				D70A3D50203CB3D9001C491A /* LoginController.swift in Sources */,
				1A13093E20CEC276009B608B /* Network+User.swift in Sources */,
				D7C16C1E20D593A5004D6EA9 /* Client+UI.swift in Sources */,
				1AB1D87720CE7A60002B1B06 /* AddPostController.swift in Sources */,
				D7DAA24020554E7F007F3011 /* Colors.swift in Sources */,
				1A34F8EF20DD25FF008ED2A2 /* Test.swift in Sources */,
				D7C8AA9020DE570300427F89 /* UIButton+Custom.swift in Sources */,
				D7D399E320C968B20058EA0A /* Forum.swift in Sources */,
				D724AB8620CD69260074164C /* EditProfileController.swift in Sources */,
				1A13094420CEC902009B608B /* Network+Forum.swift in Sources */,
				1AB9E9E3209C6E13003441F8 /* EditEventController.swift in Sources */,
				D7C16C1720D58618004D6EA9 /* ClientsList+UI.swift in Sources */,
				D744014820A4C9760078BEA4 /* Calendar+TableView.swift in Sources */,
				D7C16C1A20D5937B004D6EA9 /* ClientsList+TableView.swift in Sources */,
				D702D2FE209F800100970081 /* AccountRegister+UI.swift in Sources */,
				D745DF7B20EBFF0F00916AE6 /* Prescription.swift in Sources */,
				1AB1D87120CE6C9C002B1B06 /* Thread+TableView.swift in Sources */,
				D7B9CBFB20541E7300B755CD /* Login+UI.swift in Sources */,
				1AA39739203C1BA10020092D /* ConversationListController.swift in Sources */,
				D744FEE720C9D46900FC5320 /* Forum+UI.swift in Sources */,
				D702D2F6209F7D9D00970081 /* TypeRegisterController.swift in Sources */,
				D789201720544FAD0020C703 /* String+Helpers.swift in Sources */,
				D744015520A4ED6F0078BEA4 /* Conversation+WebSocket.swift in Sources */,
				D71D60C8208BB5CD00F143CA /* MessagesDelegate.swift in Sources */,
				D7AA4E9020548098004A0986 /* MessageCell.swift in Sources */,
				D7C16C1C20D5939A004D6EA9 /* ClientController.swift in Sources */,
				D7B9CBF920541E6500B755CD /* ConversationList+UI.swift in Sources */,
				D702D2F2209F598C00970081 /* RegisterController.swift in Sources */,
				1A34F8E220D80328008ED2A2 /* AddMeasurementsController.swift in Sources */,
				D7C5A1572039D1F400389AEB /* MessageBarView.swift in Sources */,
				1AD6A51F20C1509400146F31 /* EventController.swift in Sources */,
				D789200D20542CF60020C703 /* Conversation.swift in Sources */,
				D744FEF120CADDDE00FC5320 /* ThreadController.swift in Sources */,
				1AA3973B203C50520020092D /* ConversationListCell.swift in Sources */,
				1AFD971D2097207700289FB3 /* Event.swift in Sources */,
				1A9A019A208DCC610005C60A /* Notification+Names.swift in Sources */,
				D70C642C208CBDA600EC3F6C /* CalendarCell.swift in Sources */,
				D702D2F4209F599500970081 /* Register+UI.swift in Sources */,
				D7A5414920B0A87C003C9338 /* Decoding+Helpers.swift in Sources */,
				1A5BF19120E0E41300A89A87 /* Downloader.swift in Sources */,
				D7108AFA2083B1C700AB6260 /* Database.swift in Sources */,
				D70C642F208CCEF200EC3F6C /* Calendar+UI.swift in Sources */,
				D773DD4E203362DE001520CA /* ConversationController.swift in Sources */,
				D744015120A4E8780078BEA4 /* ConversationList+WebSocket.swift in Sources */,
				D702D2FC209F7F3200970081 /* TypeRegister+UI.swift in Sources */,
				D70C6432208CEFB000EC3F6C /* CalendarTableCell.swift in Sources */,
				D7EA724620FCA401002CE179 /* Prescription+UI.swift in Sources */,
				D7B9CBF720541A0A00B755CD /* Conversation+UI.swift in Sources */,
				1A13094020CEC8CA009B608B /* Network+Messages.swift in Sources */,
				1AB9E9E8209C85A9003441F8 /* EditEvent+UI.swift in Sources */,
				D744FEE920C9D47600FC5320 /* CreateThread+UI.swift in Sources */,
				D745DF7820EBFE3300916AE6 /* PrescriptionController.swift in Sources */,
				D781194A207D3F2D001762D4 /* Controllers+Helpers.swift in Sources */,
				D7EFFF33204FDE47004694EC /* Network.swift in Sources */,
				D7B3C32D20B3184300CE3D7A /* AccountRegisterController.swift in Sources */,
				D744FEED20C9D4C200FC5320 /* Forum+TableView.swift in Sources */,
				1AB1D86F20CE6333002B1B06 /* PostCell.swift in Sources */,
				D7C16C1520D58609004D6EA9 /* ClientsListController.swift in Sources */,
				D744FEE520C9848100FC5320 /* CreateThreadController.swift in Sources */,
				D7D399DE20C941980058EA0A /* ForumController.swift in Sources */,
				D7D399DA20C88CEA0058EA0A /* Event+UI.swift in Sources */,
				D744015320A4ED600078BEA4 /* Conversation+CollectionView.swift in Sources */,
				D724AB8B20CD825B0074164C /* FollowUp+UI.swift in Sources */,
				D744014F20A4E85C0078BEA4 /* ConversationList+TableView.swift in Sources */,
				1A34F8ED20DD244B008ED2A2 /* Measurements.swift in Sources */,
				D7BEAF1720DFEA6400FF93F9 /* LibrariesController.swift in Sources */,
				D745DF7D20EBFF8C00916AE6 /* Exercise.swift in Sources */,
				1A34F8DE20D7F211008ED2A2 /* EditAppraisalController.swift in Sources */,
				D731446A20D989660077AFEC /* Database+Migrations.swift in Sources */,
				1AB1D86D20CE632B002B1B06 /* ThreadCell.swift in Sources */,
				1AB9E9E6209C843D003441F8 /* Settings+UI.swift in Sources */,
				1AD6F38420B41E4700E5F682 /* DetailsRegister+UI.swift in Sources */,
				1A34F8E420D80332008ED2A2 /* NewTestController.swift in Sources */,
				1AB1D87920CE7AC4002B1B06 /* AddPost+UI.swift in Sources */,
				D781194E207D4392001762D4 /* SettingsController.swift in Sources */,
				D7D399E120C9668E0058EA0A /* ForumThread.swift in Sources */,
				D744FEEF20C9DB0A00FC5320 /* Post.swift in Sources */,
				1A34F8E620D8056A008ED2A2 /* AddMeasurements+UI.swift in Sources */,
				1A13094220CEC8EA009B608B /* Network+Events.swift in Sources */,
				D7B3C32F20B328C400CE3D7A /* DetailsRegisterController.swift in Sources */,
				1A34F8E820D8057B008ED2A2 /* NewTest+UI.swift in Sources */,
				D702D302209F8D4000970081 /* FollowUpController.swift in Sources */,
				D7DAA24220554F7C007F3011 /* Message.swift in Sources */,
				D71D60CB208CB2B700F143CA /* CalendarController.swift in Sources */,
				D744014A20A4D5DF0078BEA4 /* RegisterBox.swift in Sources */,
				D724AB8820CD77B70074164C /* EditProfile+UI.swift in Sources */,
				D7F8ED032087DD1D0049B385 /* Database+Helpers.swift in Sources */,
				D744FEF420CC216800FC5320 /* AppDelegate+Notifications.swift in Sources */,
				1AB1D87320CE6CB5002B1B06 /* Thread+UI.swift in Sources */,
				D7AA4E92205481F3004A0986 /* ConversationLayout.swift in Sources */,
				D7C8AA8E20DE406100427F89 /* UI.swift in Sources */,
				D745EA2820FA5A4700486346 /* CoachController.swift in Sources */,
				1A34F8F120DD4226008ED2A2 /* Network+FollowUp.swift in Sources */,
				D744014420A4C9600078BEA4 /* Calendar+JTAppleCalendar.swift in Sources */,
				1A34F8E020D7F63F008ED2A2 /* EditAppraisal+UI.swift in Sources */,
				D773DD4C203362DE001520CA /* AppDelegate.swift in Sources */,
				D7EF961F20860EBB002E0A9B /* User.swift in Sources */,
				D73F2AE320F8DB9C005993FA /* SearchablePushRow.swift in Sources */,
				1A34F8EB20DD2184008ED2A2 /* Appraisal.swift in Sources */,
			);
			runOnlyForDeploymentPostprocessing = 0;
		};
/* End PBXSourcesBuildPhase section */

/* Begin PBXVariantGroup section */
		D773DD54203362DE001520CA /* LaunchScreen.storyboard */ = {
			isa = PBXVariantGroup;
			children = (
				1A9E1946207E0EFB0091FABB /* fr */,
				1A9E1947207E0F3D0091FABB /* Base */,
			);
			name = LaunchScreen.storyboard;
			sourceTree = "<group>";
		};
		D789201320544E860020C703 /* Localizable.strings */ = {
			isa = PBXVariantGroup;
			children = (
				D789201420544E890020C703 /* fr */,
				1A9E1948207E0F480091FABB /* Base */,
			);
			name = Localizable.strings;
			sourceTree = "<group>";
		};
/* End PBXVariantGroup section */

/* Begin XCBuildConfiguration section */
		D773DD58203362DE001520CA /* Debug */ = {
			isa = XCBuildConfiguration;
			buildSettings = {
				ALWAYS_SEARCH_USER_PATHS = NO;
				CLANG_ANALYZER_LOCALIZABILITY_NONLOCALIZED = YES;
				CLANG_ANALYZER_NONNULL = YES;
				CLANG_ANALYZER_NUMBER_OBJECT_CONVERSION = YES_AGGRESSIVE;
				CLANG_CXX_LANGUAGE_STANDARD = "gnu++14";
				CLANG_CXX_LIBRARY = "libc++";
				CLANG_ENABLE_MODULES = YES;
				CLANG_ENABLE_OBJC_ARC = YES;
				CLANG_WARN_BLOCK_CAPTURE_AUTORELEASING = YES;
				CLANG_WARN_BOOL_CONVERSION = YES;
				CLANG_WARN_COMMA = YES;
				CLANG_WARN_CONSTANT_CONVERSION = YES;
				CLANG_WARN_DEPRECATED_OBJC_IMPLEMENTATIONS = YES;
				CLANG_WARN_DIRECT_OBJC_ISA_USAGE = YES_ERROR;
				CLANG_WARN_DOCUMENTATION_COMMENTS = YES;
				CLANG_WARN_EMPTY_BODY = YES;
				CLANG_WARN_ENUM_CONVERSION = YES;
				CLANG_WARN_INFINITE_RECURSION = YES;
				CLANG_WARN_INT_CONVERSION = YES;
				CLANG_WARN_NON_LITERAL_NULL_CONVERSION = YES;
				CLANG_WARN_OBJC_IMPLICIT_RETAIN_SELF = YES;
				CLANG_WARN_OBJC_LITERAL_CONVERSION = YES;
				CLANG_WARN_OBJC_ROOT_CLASS = YES_ERROR;
				CLANG_WARN_RANGE_LOOP_ANALYSIS = YES;
				CLANG_WARN_STRICT_PROTOTYPES = YES;
				CLANG_WARN_SUSPICIOUS_MOVE = YES;
				CLANG_WARN_UNGUARDED_AVAILABILITY = YES_AGGRESSIVE;
				CLANG_WARN_UNREACHABLE_CODE = YES;
				CLANG_WARN__DUPLICATE_METHOD_MATCH = YES;
				CODE_SIGN_IDENTITY = "iPhone Developer";
				COPY_PHASE_STRIP = NO;
				DEBUG_INFORMATION_FORMAT = dwarf;
				ENABLE_STRICT_OBJC_MSGSEND = YES;
				ENABLE_TESTABILITY = YES;
				GCC_C_LANGUAGE_STANDARD = gnu11;
				GCC_DYNAMIC_NO_PIC = NO;
				GCC_NO_COMMON_BLOCKS = YES;
				GCC_OPTIMIZATION_LEVEL = 0;
				GCC_PREPROCESSOR_DEFINITIONS = (
					"DEBUG=1",
					"$(inherited)",
				);
				GCC_WARN_64_TO_32_BIT_CONVERSION = YES;
				GCC_WARN_ABOUT_RETURN_TYPE = YES_ERROR;
				GCC_WARN_UNDECLARED_SELECTOR = YES;
				GCC_WARN_UNINITIALIZED_AUTOS = YES_AGGRESSIVE;
				GCC_WARN_UNUSED_FUNCTION = YES;
				GCC_WARN_UNUSED_VARIABLE = YES;
				IPHONEOS_DEPLOYMENT_TARGET = 11.2;
				MTL_ENABLE_DEBUG_INFO = YES;
				ONLY_ACTIVE_ARCH = YES;
				SDKROOT = iphoneos;
				SWIFT_ACTIVE_COMPILATION_CONDITIONS = DEBUG;
				SWIFT_OPTIMIZATION_LEVEL = "-Onone";
			};
			name = Debug;
		};
		D773DD59203362DE001520CA /* Release */ = {
			isa = XCBuildConfiguration;
			buildSettings = {
				ALWAYS_SEARCH_USER_PATHS = NO;
				CLANG_ANALYZER_LOCALIZABILITY_NONLOCALIZED = YES;
				CLANG_ANALYZER_NONNULL = YES;
				CLANG_ANALYZER_NUMBER_OBJECT_CONVERSION = YES_AGGRESSIVE;
				CLANG_CXX_LANGUAGE_STANDARD = "gnu++14";
				CLANG_CXX_LIBRARY = "libc++";
				CLANG_ENABLE_MODULES = YES;
				CLANG_ENABLE_OBJC_ARC = YES;
				CLANG_WARN_BLOCK_CAPTURE_AUTORELEASING = YES;
				CLANG_WARN_BOOL_CONVERSION = YES;
				CLANG_WARN_COMMA = YES;
				CLANG_WARN_CONSTANT_CONVERSION = YES;
				CLANG_WARN_DEPRECATED_OBJC_IMPLEMENTATIONS = YES;
				CLANG_WARN_DIRECT_OBJC_ISA_USAGE = YES_ERROR;
				CLANG_WARN_DOCUMENTATION_COMMENTS = YES;
				CLANG_WARN_EMPTY_BODY = YES;
				CLANG_WARN_ENUM_CONVERSION = YES;
				CLANG_WARN_INFINITE_RECURSION = YES;
				CLANG_WARN_INT_CONVERSION = YES;
				CLANG_WARN_NON_LITERAL_NULL_CONVERSION = YES;
				CLANG_WARN_OBJC_IMPLICIT_RETAIN_SELF = YES;
				CLANG_WARN_OBJC_LITERAL_CONVERSION = YES;
				CLANG_WARN_OBJC_ROOT_CLASS = YES_ERROR;
				CLANG_WARN_RANGE_LOOP_ANALYSIS = YES;
				CLANG_WARN_STRICT_PROTOTYPES = YES;
				CLANG_WARN_SUSPICIOUS_MOVE = YES;
				CLANG_WARN_UNGUARDED_AVAILABILITY = YES_AGGRESSIVE;
				CLANG_WARN_UNREACHABLE_CODE = YES;
				CLANG_WARN__DUPLICATE_METHOD_MATCH = YES;
				CODE_SIGN_IDENTITY = "iPhone Developer";
				COPY_PHASE_STRIP = NO;
				DEBUG_INFORMATION_FORMAT = "dwarf-with-dsym";
				ENABLE_NS_ASSERTIONS = NO;
				ENABLE_STRICT_OBJC_MSGSEND = YES;
				GCC_C_LANGUAGE_STANDARD = gnu11;
				GCC_NO_COMMON_BLOCKS = YES;
				GCC_WARN_64_TO_32_BIT_CONVERSION = YES;
				GCC_WARN_ABOUT_RETURN_TYPE = YES_ERROR;
				GCC_WARN_UNDECLARED_SELECTOR = YES;
				GCC_WARN_UNINITIALIZED_AUTOS = YES_AGGRESSIVE;
				GCC_WARN_UNUSED_FUNCTION = YES;
				GCC_WARN_UNUSED_VARIABLE = YES;
				IPHONEOS_DEPLOYMENT_TARGET = 11.2;
				MTL_ENABLE_DEBUG_INFO = NO;
				SDKROOT = iphoneos;
				SWIFT_OPTIMIZATION_LEVEL = "-Owholemodule";
				VALIDATE_PRODUCT = YES;
			};
			name = Release;
		};
		D773DD5B203362DE001520CA /* Debug */ = {
			isa = XCBuildConfiguration;
			baseConfigurationReference = 1B45136A80100CF7FB7047A0 /* Pods-UpFit Coaching.debug.xcconfig */;
			buildSettings = {
				ASSETCATALOG_COMPILER_APPICON_NAME = AppIcon;
				CODE_SIGN_ENTITLEMENTS = "UpFit Coaching/UpFit Coaching.entitlements";
				CODE_SIGN_IDENTITY = "iPhone Developer";
				CODE_SIGN_STYLE = Automatic;
				DEVELOPMENT_TEAM = 7CXWF46ZWD;
				INFOPLIST_FILE = "UpFit Coaching/Info.plist";
				IPHONEOS_DEPLOYMENT_TARGET = 10.0;
				LD_RUNPATH_SEARCH_PATHS = "$(inherited) @executable_path/Frameworks";
				PRODUCT_BUNDLE_IDENTIFIER = com.upfitcoaching.ios;
				PRODUCT_NAME = "$(TARGET_NAME)";
				PROVISIONING_PROFILE_SPECIFIER = "";
				SWIFT_VERSION = 4.0;
				TARGETED_DEVICE_FAMILY = 1;
			};
			name = Debug;
		};
		D773DD5C203362DE001520CA /* Release */ = {
			isa = XCBuildConfiguration;
			baseConfigurationReference = 7BB9226391226412543F80BB /* Pods-UpFit Coaching.release.xcconfig */;
			buildSettings = {
				ASSETCATALOG_COMPILER_APPICON_NAME = AppIcon;
				CODE_SIGN_ENTITLEMENTS = "UpFit Coaching/UpFit Coaching.entitlements";
				CODE_SIGN_IDENTITY = "iPhone Developer";
				CODE_SIGN_STYLE = Automatic;
				DEVELOPMENT_TEAM = 7CXWF46ZWD;
				INFOPLIST_FILE = "UpFit Coaching/Info.plist";
				IPHONEOS_DEPLOYMENT_TARGET = 10.0;
				LD_RUNPATH_SEARCH_PATHS = "$(inherited) @executable_path/Frameworks";
				PRODUCT_BUNDLE_IDENTIFIER = com.upfitcoaching.ios;
				PRODUCT_NAME = "$(TARGET_NAME)";
				PROVISIONING_PROFILE_SPECIFIER = "";
				SWIFT_VERSION = 4.0;
				TARGETED_DEVICE_FAMILY = 1;
			};
			name = Release;
		};
/* End XCBuildConfiguration section */

/* Begin XCConfigurationList section */
		D773DD43203362DD001520CA /* Build configuration list for PBXProject "UpFit Coaching" */ = {
			isa = XCConfigurationList;
			buildConfigurations = (
				D773DD58203362DE001520CA /* Debug */,
				D773DD59203362DE001520CA /* Release */,
			);
			defaultConfigurationIsVisible = 0;
			defaultConfigurationName = Release;
		};
		D773DD5A203362DE001520CA /* Build configuration list for PBXNativeTarget "UpFit Coaching" */ = {
			isa = XCConfigurationList;
			buildConfigurations = (
				D773DD5B203362DE001520CA /* Debug */,
				D773DD5C203362DE001520CA /* Release */,
			);
			defaultConfigurationIsVisible = 0;
			defaultConfigurationName = Release;
		};
/* End XCConfigurationList section */
	};
	rootObject = D773DD40203362DD001520CA /* Project object */;
}
